// !$*UTF8*$!
{
	archiveVersion = 1;
	classes = {
	};
	objectVersion = 55;
	objects = {

/* Begin PBXBuildFile section */
		E110400D281C389C004BA03E /* SetupIntro.swift in Sources */ = {isa = PBXBuildFile; fileRef = E110400C281C389C004BA03E /* SetupIntro.swift */; };
		E11EB2A928537DE1008B4042 /* XCUITestHelper.swift in Sources */ = {isa = PBXBuildFile; fileRef = E11EB2A828537DE1008B4042 /* XCUITestHelper.swift */; };
		E11EB2AB2853A8B6008B4042 /* Coordinator.swift in Sources */ = {isa = PBXBuildFile; fileRef = E11EB2AA2853A8B6008B4042 /* Coordinator.swift */; };
		E11EB2AD2853A8EA008B4042 /* SetupScreens.swift in Sources */ = {isa = PBXBuildFile; fileRef = E11EB2AC2853A8EA008B4042 /* SetupScreens.swift */; };
		E12CB30428494B0B0039FD56 /* OpenECardTypes.swift in Sources */ = {isa = PBXBuildFile; fileRef = E12CB30328494B0B0039FD56 /* OpenECardTypes.swift */; };
		E12CB30628494BD70039FD56 /* IDInteractionManagerTests.swift in Sources */ = {isa = PBXBuildFile; fileRef = E12CB30528494BD70039FD56 /* IDInteractionManagerTests.swift */; };
		E12CB308284A146E0039FD56 /* SetupIncorrectTransportPIN.swift in Sources */ = {isa = PBXBuildFile; fileRef = E12CB307284A146D0039FD56 /* SetupIncorrectTransportPIN.swift */; };
		E12CB30A284A2C700039FD56 /* InteractiveDismissableView.swift in Sources */ = {isa = PBXBuildFile; fileRef = E12CB309284A2C700039FD56 /* InteractiveDismissableView.swift */; };
		E13925B82840FB7700161F5C /* Types.swift in Sources */ = {isa = PBXBuildFile; fileRef = E13925B72840FB7700161F5C /* Types.swift */; };
		E13925C2284110FD00161F5C /* Cuckoo in Frameworks */ = {isa = PBXBuildFile; productRef = E13925C1284110FD00161F5C /* Cuckoo */; };
		E13925C42841111100161F5C /* GeneratedMocks.swift in Sources */ = {isa = PBXBuildFile; fileRef = E13925C32841111100161F5C /* GeneratedMocks.swift */; };
		E13925C72841119400161F5C /* MockIDInteractionManager.swift in Sources */ = {isa = PBXBuildFile; fileRef = E13925C62841119400161F5C /* MockIDInteractionManager.swift */; };
		E13925CA28411D4C00161F5C /* Lottie in Frameworks */ = {isa = PBXBuildFile; productRef = E13925C928411D4C00161F5C /* Lottie */; };
		E13925CD28411DA600161F5C /* 38076-id-scan.json in Resources */ = {isa = PBXBuildFile; fileRef = E13925CC28411DA600161F5C /* 38076-id-scan.json */; };
		E13925CF28411E2400161F5C /* LottieView.swift in Sources */ = {isa = PBXBuildFile; fileRef = E13925CE28411E2300161F5C /* LottieView.swift */; };
		E149B15C2840F636002C1139 /* SetupScanTests.swift in Sources */ = {isa = PBXBuildFile; fileRef = E149B15B2840F636002C1139 /* SetupScanTests.swift */; };
		E15C23002850F5A8005CCBB9 /* OpenEcard in Frameworks */ = {isa = PBXBuildFile; productRef = E15C22FF2850F5A8005CCBB9 /* OpenEcard */; };
		E15FCE42282BFD4A00CD7AD6 /* LocalizedStrings+Generated.swift in Sources */ = {isa = PBXBuildFile; fileRef = E15FCE41282BFD4A00CD7AD6 /* LocalizedStrings+Generated.swift */; };
		E16708A7283CD483001A1637 /* SetupPersonalPINErrorView.swift in Sources */ = {isa = PBXBuildFile; fileRef = E16708A6283CD483001A1637 /* SetupPersonalPINErrorView.swift */; };
		E16708AA283D1076001A1637 /* TCACoordinators in Frameworks */ = {isa = PBXBuildFile; productRef = E16708A9283D1076001A1637 /* TCACoordinators */; };
		E16708AC283D26A2001A1637 /* CoordinatorView.swift in Sources */ = {isa = PBXBuildFile; fileRef = E16708AB283D26A2001A1637 /* CoordinatorView.swift */; };
		E16708AE283D4224001A1637 /* HomeView.swift in Sources */ = {isa = PBXBuildFile; fileRef = E16708AD283D4224001A1637 /* HomeView.swift */; };
		E16708B1283D4EAC001A1637 /* AppEnvironment.swift in Sources */ = {isa = PBXBuildFile; fileRef = E16708B0283D4EAC001A1637 /* AppEnvironment.swift */; };
		E16708B3283D4ED2001A1637 /* SetupCoordinator.swift in Sources */ = {isa = PBXBuildFile; fileRef = E16708B2283D4ED2001A1637 /* SetupCoordinator.swift */; };
		E16708B5283D4F25001A1637 /* Screens.swift in Sources */ = {isa = PBXBuildFile; fileRef = E16708B4283D4F25001A1637 /* Screens.swift */; };
		E16708B7283D7C2B001A1637 /* DialogView.swift in Sources */ = {isa = PBXBuildFile; fileRef = E16708B6283D7C2B001A1637 /* DialogView.swift */; };
		E16708BA283D7CA1001A1637 /* DialogButtons.swift in Sources */ = {isa = PBXBuildFile; fileRef = E16708B9283D7CA1001A1637 /* DialogButtons.swift */; };
		E16708BC283D824D001A1637 /* Scheduler+Animation.swift in Sources */ = {isa = PBXBuildFile; fileRef = E16708BB283D824D001A1637 /* Scheduler+Animation.swift */; };
		E16708BE283E666A001A1637 /* Store+Empty.swift in Sources */ = {isa = PBXBuildFile; fileRef = E16708BD283E666A001A1637 /* Store+Empty.swift */; };
		E16708C0283E6A07001A1637 /* SetupScan.swift in Sources */ = {isa = PBXBuildFile; fileRef = E16708BF283E6A07001A1637 /* SetupScan.swift */; };
		E18E223A285349D200221DB1 /* BundIDUITests.swift in Sources */ = {isa = PBXBuildFile; fileRef = E18E2239285349D200221DB1 /* BundIDUITests.swift */; };
		E19D26AF282557B00005B111 /* Localizable.stringsdict in Resources */ = {isa = PBXBuildFile; fileRef = E19D26B1282557B00005B111 /* Localizable.stringsdict */; };
		E1AAACE828350FD500A51183 /* Array+Safe.swift in Sources */ = {isa = PBXBuildFile; fileRef = E1AAACE728350FD500A51183 /* Array+Safe.swift */; };
		E1AAACEB2836668200A51183 /* ShakeEffect.swift in Sources */ = {isa = PBXBuildFile; fileRef = E1AAACEA2836668200A51183 /* ShakeEffect.swift */; };
		E1AAACF328378C0E00A51183 /* FirstTimeUserPersonalPINScreenViewModelTests.swift in Sources */ = {isa = PBXBuildFile; fileRef = E1AAACF228378C0E00A51183 /* FirstTimeUserPersonalPINScreenViewModelTests.swift */; };
		E1AAACFB2837B9A200A51183 /* SetupPersonalPINState.swift in Sources */ = {isa = PBXBuildFile; fileRef = E1AAACFA2837B9A200A51183 /* SetupPersonalPINState.swift */; };
		E1AB879A282281C400C7FC94 /* HeaderView.swift in Sources */ = {isa = PBXBuildFile; fileRef = E1AB8799282281C400C7FC94 /* HeaderView.swift */; };
		E1AB879E282283AB00C7FC94 /* Fonts.swift in Sources */ = {isa = PBXBuildFile; fileRef = E1AB879D282283AB00C7FC94 /* Fonts.swift */; };
		E1AB87A02822972A00C7FC94 /* SetupPersonalPINIntroScreen.swift in Sources */ = {isa = PBXBuildFile; fileRef = E1AB879F2822972A00C7FC94 /* SetupPersonalPINIntroScreen.swift */; };
		E1AB87A4282413A700C7FC94 /* PINTextField.swift in Sources */ = {isa = PBXBuildFile; fileRef = E1AB87A3282413A700C7FC94 /* PINTextField.swift */; };
		E1AB87AC2825238D00C7FC94 /* Localizable.strings in Resources */ = {isa = PBXBuildFile; fileRef = E1AB87AA2825238D00C7FC94 /* Localizable.strings */; };
		E1BD6C792847A2E5003048E4 /* SetupDone.swift in Sources */ = {isa = PBXBuildFile; fileRef = E1BD6C782847A2E5003048E4 /* SetupDone.swift */; };
		E1CD8E88281FF62F008ADA2A /* Colors.swift in Sources */ = {isa = PBXBuildFile; fileRef = E1CD8E87281FF62F008ADA2A /* Colors.swift */; };
		E1CD8E8C281FFCC1008ADA2A /* BundesSans-DTP-Regular.otf in Resources */ = {isa = PBXBuildFile; fileRef = E1CD8E8A281FFCC1008ADA2A /* BundesSans-DTP-Regular.otf */; };
		E1CD8E8D281FFCC1008ADA2A /* BundesSans-DTP-Bold.otf in Resources */ = {isa = PBXBuildFile; fileRef = E1CD8E8B281FFCC1008ADA2A /* BundesSans-DTP-Bold.otf */; };
		E1CD8E8F2820395F008ADA2A /* BundButtonStyle.swift in Sources */ = {isa = PBXBuildFile; fileRef = E1CD8E8E2820395F008ADA2A /* BundButtonStyle.swift */; };
		E1CD8E9128214FDB008ADA2A /* SetupPINLetterIntro.swift in Sources */ = {isa = PBXBuildFile; fileRef = E1CD8E9028214FDB008ADA2A /* SetupPINLetterIntro.swift */; };
		E1CD8E93282156F2008ADA2A /* SetupTransportPIN.swift in Sources */ = {isa = PBXBuildFile; fileRef = E1CD8E92282156F2008ADA2A /* SetupTransportPIN.swift */; };
		E1CD8E9528215971008ADA2A /* PINEntryView.swift in Sources */ = {isa = PBXBuildFile; fileRef = E1CD8E9428215971008ADA2A /* PINEntryView.swift */; };
		E1D307B02833A2500088DAFF /* SetupPersonalPIN.swift in Sources */ = {isa = PBXBuildFile; fileRef = E1D307AF2833A2500088DAFF /* SetupPersonalPIN.swift */; };
		E59097B5281153A100CDA144 /* NFCMessageProvider.swift in Sources */ = {isa = PBXBuildFile; fileRef = E59097B4281153A100CDA144 /* NFCMessageProvider.swift */; };
		E59097B7281187D200CDA144 /* OpenEcardExtensions.swift in Sources */ = {isa = PBXBuildFile; fileRef = E59097B6281187D200CDA144 /* OpenEcardExtensions.swift */; };
		E593E2662816845C00154EB0 /* AuthenticationTerms.swift in Sources */ = {isa = PBXBuildFile; fileRef = E593E2652816845C00154EB0 /* AuthenticationTerms.swift */; };
		E593E2682816847900154EB0 /* EIDAuthenticationRequest.swift in Sources */ = {isa = PBXBuildFile; fileRef = E593E2672816847900154EB0 /* EIDAuthenticationRequest.swift */; };
		E593E26E2816853A00154EB0 /* StopServiceHandler.swift in Sources */ = {isa = PBXBuildFile; fileRef = E593E26D2816853A00154EB0 /* StopServiceHandler.swift */; };
		E593E2702816856200154EB0 /* StartServiceHandler.swift in Sources */ = {isa = PBXBuildFile; fileRef = E593E26F2816856200154EB0 /* StartServiceHandler.swift */; };
		E593E2722816864800154EB0 /* ControllerCallback.swift in Sources */ = {isa = PBXBuildFile; fileRef = E593E2712816864800154EB0 /* ControllerCallback.swift */; };
		E593E2742816866200154EB0 /* EACInteraction.swift in Sources */ = {isa = PBXBuildFile; fileRef = E593E2732816866200154EB0 /* EACInteraction.swift */; };
		E593E2762816868100154EB0 /* PINManagementInteraction.swift in Sources */ = {isa = PBXBuildFile; fileRef = E593E2752816868100154EB0 /* PINManagementInteraction.swift */; };
		E593E279281686DC00154EB0 /* IDInteractionManager.swift in Sources */ = {isa = PBXBuildFile; fileRef = E593E278281686DC00154EB0 /* IDInteractionManager.swift */; };
		E5CEB27E281041330076B9FE /* BundIDApp.swift in Sources */ = {isa = PBXBuildFile; fileRef = E5CEB27D281041330076B9FE /* BundIDApp.swift */; };
		E5CEB280281041330076B9FE /* ContentView.swift in Sources */ = {isa = PBXBuildFile; fileRef = E5CEB27F281041330076B9FE /* ContentView.swift */; };
		E5CEB282281041340076B9FE /* Assets.xcassets in Resources */ = {isa = PBXBuildFile; fileRef = E5CEB281281041340076B9FE /* Assets.xcassets */; };
		E5CEB285281041340076B9FE /* Preview Assets.xcassets in Resources */ = {isa = PBXBuildFile; fileRef = E5CEB284281041340076B9FE /* Preview Assets.xcassets */; };
		E5E69D832812FB4500A3B66A /* EIDInteractionEvent.swift in Sources */ = {isa = PBXBuildFile; fileRef = E5E69D822812FB4500A3B66A /* EIDInteractionEvent.swift */; };
		E5E69D852812FB6100A3B66A /* IDCardInteractionError.swift in Sources */ = {isa = PBXBuildFile; fileRef = E5E69D842812FB6100A3B66A /* IDCardInteractionError.swift */; };
		E5E69D872812FB7A00A3B66A /* IDTask.swift in Sources */ = {isa = PBXBuildFile; fileRef = E5E69D862812FB7A00A3B66A /* IDTask.swift */; };
		E5E69D892812FB8D00A3B66A /* IDCardAttribute.swift in Sources */ = {isa = PBXBuildFile; fileRef = E5E69D882812FB8D00A3B66A /* IDCardAttribute.swift */; };
		F43622A72850D6C9008AEBB9 /* SetupError.swift in Sources */ = {isa = PBXBuildFile; fileRef = F43622A62850D6C9008AEBB9 /* SetupError.swift */; };
/* End PBXBuildFile section */

/* Begin PBXContainerItemProxy section */
		E18E223D285349D200221DB1 /* PBXContainerItemProxy */ = {
			isa = PBXContainerItemProxy;
			containerPortal = E5CEB272281041330076B9FE /* Project object */;
			proxyType = 1;
			remoteGlobalIDString = E5CEB279281041330076B9FE;
			remoteInfo = BundID;
		};
		E1AAACF428378C0E00A51183 /* PBXContainerItemProxy */ = {
			isa = PBXContainerItemProxy;
			containerPortal = E5CEB272281041330076B9FE /* Project object */;
			proxyType = 1;
			remoteGlobalIDString = E5CEB279281041330076B9FE;
			remoteInfo = BundID;
		};
/* End PBXContainerItemProxy section */

/* Begin PBXCopyFilesBuildPhase section */
		E5CEB29328104A190076B9FE /* Embed Frameworks */ = {
			isa = PBXCopyFilesBuildPhase;
			buildActionMask = 2147483647;
			dstPath = "";
			dstSubfolderSpec = 10;
			files = (
			);
			name = "Embed Frameworks";
			runOnlyForDeploymentPostprocessing = 0;
		};
/* End PBXCopyFilesBuildPhase section */

/* Begin PBXFileReference section */
		E110400C281C389C004BA03E /* SetupIntro.swift */ = {isa = PBXFileReference; lastKnownFileType = sourcecode.swift; path = SetupIntro.swift; sourceTree = "<group>"; };
		E11EB2A828537DE1008B4042 /* XCUITestHelper.swift */ = {isa = PBXFileReference; lastKnownFileType = sourcecode.swift; path = XCUITestHelper.swift; sourceTree = "<group>"; };
		E11EB2AA2853A8B6008B4042 /* Coordinator.swift */ = {isa = PBXFileReference; lastKnownFileType = sourcecode.swift; path = Coordinator.swift; sourceTree = "<group>"; };
		E11EB2AC2853A8EA008B4042 /* SetupScreens.swift */ = {isa = PBXFileReference; lastKnownFileType = sourcecode.swift; path = SetupScreens.swift; sourceTree = "<group>"; };
		E12CB30328494B0B0039FD56 /* OpenECardTypes.swift */ = {isa = PBXFileReference; lastKnownFileType = sourcecode.swift; path = OpenECardTypes.swift; sourceTree = "<group>"; };
		E12CB30528494BD70039FD56 /* IDInteractionManagerTests.swift */ = {isa = PBXFileReference; lastKnownFileType = sourcecode.swift; path = IDInteractionManagerTests.swift; sourceTree = "<group>"; };
		E12CB307284A146D0039FD56 /* SetupIncorrectTransportPIN.swift */ = {isa = PBXFileReference; fileEncoding = 4; lastKnownFileType = sourcecode.swift; path = SetupIncorrectTransportPIN.swift; sourceTree = "<group>"; };
		E12CB309284A2C700039FD56 /* InteractiveDismissableView.swift */ = {isa = PBXFileReference; lastKnownFileType = sourcecode.swift; path = InteractiveDismissableView.swift; sourceTree = "<group>"; };
		E13925B72840FB7700161F5C /* Types.swift */ = {isa = PBXFileReference; lastKnownFileType = sourcecode.swift; path = Types.swift; sourceTree = "<group>"; };
		E13925C32841111100161F5C /* GeneratedMocks.swift */ = {isa = PBXFileReference; fileEncoding = 4; lastKnownFileType = sourcecode.swift; path = GeneratedMocks.swift; sourceTree = "<group>"; };
		E13925C62841119400161F5C /* MockIDInteractionManager.swift */ = {isa = PBXFileReference; fileEncoding = 4; lastKnownFileType = sourcecode.swift; path = MockIDInteractionManager.swift; sourceTree = "<group>"; };
		E13925CC28411DA600161F5C /* 38076-id-scan.json */ = {isa = PBXFileReference; fileEncoding = 4; lastKnownFileType = text.json; path = "38076-id-scan.json"; sourceTree = "<group>"; };
		E13925CE28411E2300161F5C /* LottieView.swift */ = {isa = PBXFileReference; lastKnownFileType = sourcecode.swift; path = LottieView.swift; sourceTree = "<group>"; };
		E149B15B2840F636002C1139 /* SetupScanTests.swift */ = {isa = PBXFileReference; lastKnownFileType = sourcecode.swift; path = SetupScanTests.swift; sourceTree = "<group>"; };
		E15FCE41282BFD4A00CD7AD6 /* LocalizedStrings+Generated.swift */ = {isa = PBXFileReference; fileEncoding = 4; lastKnownFileType = sourcecode.swift; path = "LocalizedStrings+Generated.swift"; sourceTree = "<group>"; };
		E16708A6283CD483001A1637 /* SetupPersonalPINErrorView.swift */ = {isa = PBXFileReference; lastKnownFileType = sourcecode.swift; path = SetupPersonalPINErrorView.swift; sourceTree = "<group>"; };
		E16708AB283D26A2001A1637 /* CoordinatorView.swift */ = {isa = PBXFileReference; lastKnownFileType = sourcecode.swift; path = CoordinatorView.swift; sourceTree = "<group>"; };
		E16708AD283D4224001A1637 /* HomeView.swift */ = {isa = PBXFileReference; lastKnownFileType = sourcecode.swift; path = HomeView.swift; sourceTree = "<group>"; };
		E16708B0283D4EAC001A1637 /* AppEnvironment.swift */ = {isa = PBXFileReference; lastKnownFileType = sourcecode.swift; path = AppEnvironment.swift; sourceTree = "<group>"; };
		E16708B2283D4ED2001A1637 /* SetupCoordinator.swift */ = {isa = PBXFileReference; lastKnownFileType = sourcecode.swift; path = SetupCoordinator.swift; sourceTree = "<group>"; };
		E16708B4283D4F25001A1637 /* Screens.swift */ = {isa = PBXFileReference; lastKnownFileType = sourcecode.swift; path = Screens.swift; sourceTree = "<group>"; };
		E16708B6283D7C2B001A1637 /* DialogView.swift */ = {isa = PBXFileReference; lastKnownFileType = sourcecode.swift; path = DialogView.swift; sourceTree = "<group>"; };
		E16708B9283D7CA1001A1637 /* DialogButtons.swift */ = {isa = PBXFileReference; lastKnownFileType = sourcecode.swift; path = DialogButtons.swift; sourceTree = "<group>"; };
		E16708BB283D824D001A1637 /* Scheduler+Animation.swift */ = {isa = PBXFileReference; lastKnownFileType = sourcecode.swift; path = "Scheduler+Animation.swift"; sourceTree = "<group>"; };
		E16708BD283E666A001A1637 /* Store+Empty.swift */ = {isa = PBXFileReference; lastKnownFileType = sourcecode.swift; path = "Store+Empty.swift"; sourceTree = "<group>"; };
		E16708BF283E6A07001A1637 /* SetupScan.swift */ = {isa = PBXFileReference; lastKnownFileType = sourcecode.swift; path = SetupScan.swift; sourceTree = "<group>"; };
		E18E22322853496B00221DB1 /* UnitTests.xctestplan */ = {isa = PBXFileReference; lastKnownFileType = text; path = UnitTests.xctestplan; sourceTree = "<group>"; };
		E18E2237285349D200221DB1 /* BundIDUITests.xctest */ = {isa = PBXFileReference; explicitFileType = wrapper.cfbundle; includeInIndex = 0; path = BundIDUITests.xctest; sourceTree = BUILT_PRODUCTS_DIR; };
		E18E2239285349D200221DB1 /* BundIDUITests.swift */ = {isa = PBXFileReference; lastKnownFileType = sourcecode.swift; path = BundIDUITests.swift; sourceTree = "<group>"; };
		E18E224228534A8500221DB1 /* UITests.xctestplan */ = {isa = PBXFileReference; lastKnownFileType = text; path = UITests.xctestplan; sourceTree = "<group>"; };
		E19D26B0282557B00005B111 /* de */ = {isa = PBXFileReference; lastKnownFileType = text.plist.stringsdict; name = de; path = de.lproj/Localizable.stringsdict; sourceTree = "<group>"; };
		E1AAACE728350FD500A51183 /* Array+Safe.swift */ = {isa = PBXFileReference; lastKnownFileType = sourcecode.swift; path = "Array+Safe.swift"; sourceTree = "<group>"; };
		E1AAACEA2836668200A51183 /* ShakeEffect.swift */ = {isa = PBXFileReference; lastKnownFileType = sourcecode.swift; path = ShakeEffect.swift; sourceTree = "<group>"; };
		E1AAACF028378C0E00A51183 /* BundIDTests.xctest */ = {isa = PBXFileReference; explicitFileType = wrapper.cfbundle; includeInIndex = 0; path = BundIDTests.xctest; sourceTree = BUILT_PRODUCTS_DIR; };
		E1AAACF228378C0E00A51183 /* FirstTimeUserPersonalPINScreenViewModelTests.swift */ = {isa = PBXFileReference; lastKnownFileType = sourcecode.swift; path = FirstTimeUserPersonalPINScreenViewModelTests.swift; sourceTree = "<group>"; };
		E1AAACFA2837B9A200A51183 /* SetupPersonalPINState.swift */ = {isa = PBXFileReference; lastKnownFileType = sourcecode.swift; path = SetupPersonalPINState.swift; sourceTree = "<group>"; };
		E1AAACFD2837C41700A51183 /* AllTests.xctestplan */ = {isa = PBXFileReference; lastKnownFileType = text; name = AllTests.xctestplan; path = BundID/AllTests.xctestplan; sourceTree = SOURCE_ROOT; };
		E1AB8799282281C400C7FC94 /* HeaderView.swift */ = {isa = PBXFileReference; lastKnownFileType = sourcecode.swift; path = HeaderView.swift; sourceTree = "<group>"; };
		E1AB879D282283AB00C7FC94 /* Fonts.swift */ = {isa = PBXFileReference; lastKnownFileType = sourcecode.swift; path = Fonts.swift; sourceTree = "<group>"; };
		E1AB879F2822972A00C7FC94 /* SetupPersonalPINIntroScreen.swift */ = {isa = PBXFileReference; lastKnownFileType = sourcecode.swift; path = SetupPersonalPINIntroScreen.swift; sourceTree = "<group>"; };
		E1AB87A3282413A700C7FC94 /* PINTextField.swift */ = {isa = PBXFileReference; lastKnownFileType = sourcecode.swift; path = PINTextField.swift; sourceTree = "<group>"; };
		E1AB87AB2825238D00C7FC94 /* de */ = {isa = PBXFileReference; lastKnownFileType = text.plist.strings; name = de; path = de.lproj/Localizable.strings; sourceTree = "<group>"; };
		E1BD6C782847A2E5003048E4 /* SetupDone.swift */ = {isa = PBXFileReference; lastKnownFileType = sourcecode.swift; path = SetupDone.swift; sourceTree = "<group>"; };
		E1CD8E87281FF62F008ADA2A /* Colors.swift */ = {isa = PBXFileReference; lastKnownFileType = sourcecode.swift; path = Colors.swift; sourceTree = "<group>"; };
		E1CD8E8A281FFCC1008ADA2A /* BundesSans-DTP-Regular.otf */ = {isa = PBXFileReference; lastKnownFileType = file; path = "BundesSans-DTP-Regular.otf"; sourceTree = "<group>"; };
		E1CD8E8B281FFCC1008ADA2A /* BundesSans-DTP-Bold.otf */ = {isa = PBXFileReference; lastKnownFileType = file; path = "BundesSans-DTP-Bold.otf"; sourceTree = "<group>"; };
		E1CD8E8E2820395F008ADA2A /* BundButtonStyle.swift */ = {isa = PBXFileReference; lastKnownFileType = sourcecode.swift; path = BundButtonStyle.swift; sourceTree = "<group>"; };
		E1CD8E9028214FDB008ADA2A /* SetupPINLetterIntro.swift */ = {isa = PBXFileReference; lastKnownFileType = sourcecode.swift; path = SetupPINLetterIntro.swift; sourceTree = "<group>"; };
		E1CD8E92282156F2008ADA2A /* SetupTransportPIN.swift */ = {isa = PBXFileReference; lastKnownFileType = sourcecode.swift; path = SetupTransportPIN.swift; sourceTree = "<group>"; };
		E1CD8E9428215971008ADA2A /* PINEntryView.swift */ = {isa = PBXFileReference; lastKnownFileType = sourcecode.swift; path = PINEntryView.swift; sourceTree = "<group>"; };
		E1D307AF2833A2500088DAFF /* SetupPersonalPIN.swift */ = {isa = PBXFileReference; fileEncoding = 4; lastKnownFileType = sourcecode.swift; path = SetupPersonalPIN.swift; sourceTree = "<group>"; };
		E59097B4281153A100CDA144 /* NFCMessageProvider.swift */ = {isa = PBXFileReference; lastKnownFileType = sourcecode.swift; path = NFCMessageProvider.swift; sourceTree = "<group>"; };
		E59097B6281187D200CDA144 /* OpenEcardExtensions.swift */ = {isa = PBXFileReference; lastKnownFileType = sourcecode.swift; path = OpenEcardExtensions.swift; sourceTree = "<group>"; };
		E593E2652816845C00154EB0 /* AuthenticationTerms.swift */ = {isa = PBXFileReference; lastKnownFileType = sourcecode.swift; path = AuthenticationTerms.swift; sourceTree = "<group>"; };
		E593E2672816847900154EB0 /* EIDAuthenticationRequest.swift */ = {isa = PBXFileReference; lastKnownFileType = sourcecode.swift; path = EIDAuthenticationRequest.swift; sourceTree = "<group>"; };
		E593E26D2816853A00154EB0 /* StopServiceHandler.swift */ = {isa = PBXFileReference; lastKnownFileType = sourcecode.swift; path = StopServiceHandler.swift; sourceTree = "<group>"; };
		E593E26F2816856200154EB0 /* StartServiceHandler.swift */ = {isa = PBXFileReference; lastKnownFileType = sourcecode.swift; path = StartServiceHandler.swift; sourceTree = "<group>"; };
		E593E2712816864800154EB0 /* ControllerCallback.swift */ = {isa = PBXFileReference; lastKnownFileType = sourcecode.swift; path = ControllerCallback.swift; sourceTree = "<group>"; };
		E593E2732816866200154EB0 /* EACInteraction.swift */ = {isa = PBXFileReference; lastKnownFileType = sourcecode.swift; path = EACInteraction.swift; sourceTree = "<group>"; };
		E593E2752816868100154EB0 /* PINManagementInteraction.swift */ = {isa = PBXFileReference; lastKnownFileType = sourcecode.swift; path = PINManagementInteraction.swift; sourceTree = "<group>"; };
		E593E278281686DC00154EB0 /* IDInteractionManager.swift */ = {isa = PBXFileReference; lastKnownFileType = sourcecode.swift; path = IDInteractionManager.swift; sourceTree = "<group>"; };
		E5CEB27A281041330076B9FE /* BundID.app */ = {isa = PBXFileReference; explicitFileType = wrapper.application; includeInIndex = 0; path = BundID.app; sourceTree = BUILT_PRODUCTS_DIR; };
		E5CEB27D281041330076B9FE /* BundIDApp.swift */ = {isa = PBXFileReference; lastKnownFileType = sourcecode.swift; path = BundIDApp.swift; sourceTree = "<group>"; };
		E5CEB27F281041330076B9FE /* ContentView.swift */ = {isa = PBXFileReference; lastKnownFileType = sourcecode.swift; path = ContentView.swift; sourceTree = "<group>"; };
		E5CEB281281041340076B9FE /* Assets.xcassets */ = {isa = PBXFileReference; lastKnownFileType = folder.assetcatalog; path = Assets.xcassets; sourceTree = "<group>"; };
		E5CEB284281041340076B9FE /* Preview Assets.xcassets */ = {isa = PBXFileReference; lastKnownFileType = folder.assetcatalog; path = "Preview Assets.xcassets"; sourceTree = "<group>"; };
		E5CEB29428104F920076B9FE /* BundID.entitlements */ = {isa = PBXFileReference; lastKnownFileType = text.plist.entitlements; path = BundID.entitlements; sourceTree = "<group>"; };
		E5CEB295281050BE0076B9FE /* Info.plist */ = {isa = PBXFileReference; lastKnownFileType = text.plist; path = Info.plist; sourceTree = "<group>"; };
		E5E69D822812FB4500A3B66A /* EIDInteractionEvent.swift */ = {isa = PBXFileReference; lastKnownFileType = sourcecode.swift; path = EIDInteractionEvent.swift; sourceTree = "<group>"; };
		E5E69D842812FB6100A3B66A /* IDCardInteractionError.swift */ = {isa = PBXFileReference; lastKnownFileType = sourcecode.swift; path = IDCardInteractionError.swift; sourceTree = "<group>"; };
		E5E69D862812FB7A00A3B66A /* IDTask.swift */ = {isa = PBXFileReference; lastKnownFileType = sourcecode.swift; path = IDTask.swift; sourceTree = "<group>"; };
		E5E69D882812FB8D00A3B66A /* IDCardAttribute.swift */ = {isa = PBXFileReference; lastKnownFileType = sourcecode.swift; path = IDCardAttribute.swift; sourceTree = "<group>"; };
		F43622A62850D6C9008AEBB9 /* SetupError.swift */ = {isa = PBXFileReference; lastKnownFileType = sourcecode.swift; path = SetupError.swift; sourceTree = "<group>"; };
/* End PBXFileReference section */

/* Begin PBXFrameworksBuildPhase section */
		E18E2234285349D200221DB1 /* Frameworks */ = {
			isa = PBXFrameworksBuildPhase;
			buildActionMask = 2147483647;
			files = (
			);
			runOnlyForDeploymentPostprocessing = 0;
		};
		E1AAACED28378C0E00A51183 /* Frameworks */ = {
			isa = PBXFrameworksBuildPhase;
			buildActionMask = 2147483647;
			files = (
				E13925C2284110FD00161F5C /* Cuckoo in Frameworks */,
			);
			runOnlyForDeploymentPostprocessing = 0;
		};
		E5CEB277281041330076B9FE /* Frameworks */ = {
			isa = PBXFrameworksBuildPhase;
			buildActionMask = 2147483647;
			files = (
				E16708AA283D1076001A1637 /* TCACoordinators in Frameworks */,
				E13925CA28411D4C00161F5C /* Lottie in Frameworks */,
				E15C23002850F5A8005CCBB9 /* OpenEcard in Frameworks */,
			);
			runOnlyForDeploymentPostprocessing = 0;
		};
/* End PBXFrameworksBuildPhase section */

/* Begin PBXGroup section */
		E13925BD28410FE200161F5C /* Generated */ = {
			isa = PBXGroup;
			children = (
				E13925C32841111100161F5C /* GeneratedMocks.swift */,
			);
			path = Generated;
			sourceTree = "<group>";
		};
		E13925BF2841105A00161F5C /* Types */ = {
			isa = PBXGroup;
			children = (
				E13925B72840FB7700161F5C /* Types.swift */,
			);
			path = Types;
			sourceTree = "<group>";
		};
		E13925C0284110FD00161F5C /* Frameworks */ = {
			isa = PBXGroup;
			children = (
			);
			name = Frameworks;
			sourceTree = "<group>";
		};
		E13925C52841119400161F5C /* Mocks */ = {
			isa = PBXGroup;
			children = (
				E13925C62841119400161F5C /* MockIDInteractionManager.swift */,
			);
			path = Mocks;
			sourceTree = "<group>";
		};
		E13925CB28411D9D00161F5C /* Animations */ = {
			isa = PBXGroup;
			children = (
				E13925CC28411DA600161F5C /* 38076-id-scan.json */,
			);
			path = Animations;
			sourceTree = "<group>";
		};
		E15FCE40282BFD4A00CD7AD6 /* Helpers */ = {
			isa = PBXGroup;
			children = (
				E15FCE41282BFD4A00CD7AD6 /* LocalizedStrings+Generated.swift */,
				E1AAACE728350FD500A51183 /* Array+Safe.swift */,
				E1AAACEA2836668200A51183 /* ShakeEffect.swift */,
				E16708BB283D824D001A1637 /* Scheduler+Animation.swift */,
				E16708BD283E666A001A1637 /* Store+Empty.swift */,
				E12CB309284A2C700039FD56 /* InteractiveDismissableView.swift */,
			);
			path = Helpers;
			sourceTree = "<group>";
		};
		E16708AF283D4E9E001A1637 /* TCA */ = {
			isa = PBXGroup;
			children = (
				E16708B0283D4EAC001A1637 /* AppEnvironment.swift */,
				E16708B4283D4F25001A1637 /* Screens.swift */,
				E11EB2AC2853A8EA008B4042 /* SetupScreens.swift */,
				E11EB2AA2853A8B6008B4042 /* Coordinator.swift */,
				E16708B2283D4ED2001A1637 /* SetupCoordinator.swift */,
			);
			path = TCA;
			sourceTree = "<group>";
		};
		E16708B8283D7C47001A1637 /* SupplementaryViews */ = {
			isa = PBXGroup;
			children = (
				E16708B6283D7C2B001A1637 /* DialogView.swift */,
				E16708B9283D7CA1001A1637 /* DialogButtons.swift */,
				E1AB8799282281C400C7FC94 /* HeaderView.swift */,
				E13925CE28411E2300161F5C /* LottieView.swift */,
			);
			path = SupplementaryViews;
			sourceTree = "<group>";
		};
		E18E2238285349D200221DB1 /* BundIDUITests */ = {
			isa = PBXGroup;
			children = (
				E18E2239285349D200221DB1 /* BundIDUITests.swift */,
				E11EB2A828537DE1008B4042 /* XCUITestHelper.swift */,
			);
			path = BundIDUITests;
			sourceTree = "<group>";
		};
		E1AAACF128378C0E00A51183 /* BundIDTests */ = {
			isa = PBXGroup;
			children = (
				E13925BD28410FE200161F5C /* Generated */,
				E1AAACF228378C0E00A51183 /* FirstTimeUserPersonalPINScreenViewModelTests.swift */,
				E149B15B2840F636002C1139 /* SetupScanTests.swift */,
				E12CB30528494BD70039FD56 /* IDInteractionManagerTests.swift */,
			);
			path = BundIDTests;
			sourceTree = "<group>";
		};
		E1AAACF92837B98100A51183 /* SetupPersonalPIN */ = {
			isa = PBXGroup;
			children = (
				E1D307AF2833A2500088DAFF /* SetupPersonalPIN.swift */,
				E1AAACFA2837B9A200A51183 /* SetupPersonalPINState.swift */,
				E16708A6283CD483001A1637 /* SetupPersonalPINErrorView.swift */,
			);
			path = SetupPersonalPIN;
			sourceTree = "<group>";
		};
		E1AB879B2822835E00C7FC94 /* Views */ = {
			isa = PBXGroup;
			children = (
				E16708B8283D7C47001A1637 /* SupplementaryViews */,
				E5CEB27F281041330076B9FE /* ContentView.swift */,
				E16708AB283D26A2001A1637 /* CoordinatorView.swift */,
				E16708AD283D4224001A1637 /* HomeView.swift */,
				E110400C281C389C004BA03E /* SetupIntro.swift */,
				E1CD8E9028214FDB008ADA2A /* SetupPINLetterIntro.swift */,
				E1CD8E92282156F2008ADA2A /* SetupTransportPIN.swift */,
				E1AB879F2822972A00C7FC94 /* SetupPersonalPINIntroScreen.swift */,
				E1AAACF92837B98100A51183 /* SetupPersonalPIN */,
				E16708BF283E6A07001A1637 /* SetupScan.swift */,
				E1BD6C782847A2E5003048E4 /* SetupDone.swift */,
				E12CB307284A146D0039FD56 /* SetupIncorrectTransportPIN.swift */,
				E1CD8E9428215971008ADA2A /* PINEntryView.swift */,
				E1AB87A3282413A700C7FC94 /* PINTextField.swift */,
				F43622A62850D6C9008AEBB9 /* SetupError.swift */,
			);
			path = Views;
			sourceTree = "<group>";
		};
		E1AB879C2822839500C7FC94 /* Theme */ = {
			isa = PBXGroup;
			children = (
				E1CD8E8E2820395F008ADA2A /* BundButtonStyle.swift */,
				E1CD8E87281FF62F008ADA2A /* Colors.swift */,
				E1AB879D282283AB00C7FC94 /* Fonts.swift */,
			);
			path = Theme;
			sourceTree = "<group>";
		};
		E1CD8E89281FFCA0008ADA2A /* Resources */ = {
			isa = PBXGroup;
			children = (
				E13925CB28411D9D00161F5C /* Animations */,
				E1AB87AA2825238D00C7FC94 /* Localizable.strings */,
				E19D26B1282557B00005B111 /* Localizable.stringsdict */,
				E1CD8E8B281FFCC1008ADA2A /* BundesSans-DTP-Bold.otf */,
				E1CD8E8A281FFCC1008ADA2A /* BundesSans-DTP-Regular.otf */,
			);
			path = Resources;
			sourceTree = "<group>";
		};
		E593E277281686D000154EB0 /* Managers */ = {
			isa = PBXGroup;
			children = (
				E13925C52841119400161F5C /* Mocks */,
				E593E278281686DC00154EB0 /* IDInteractionManager.swift */,
			);
			path = Managers;
			sourceTree = "<group>";
		};
		E5CEB271281041330076B9FE = {
			isa = PBXGroup;
			children = (
				E5CEB27C281041330076B9FE /* BundID */,
				E1AAACF128378C0E00A51183 /* BundIDTests */,
				E18E2238285349D200221DB1 /* BundIDUITests */,
				E5CEB27B281041330076B9FE /* Products */,
				E13925C0284110FD00161F5C /* Frameworks */,
			);
			sourceTree = "<group>";
		};
		E5CEB27B281041330076B9FE /* Products */ = {
			isa = PBXGroup;
			children = (
				E5CEB27A281041330076B9FE /* BundID.app */,
				E1AAACF028378C0E00A51183 /* BundIDTests.xctest */,
				E18E2237285349D200221DB1 /* BundIDUITests.xctest */,
			);
			name = Products;
			sourceTree = "<group>";
		};
		E5CEB27C281041330076B9FE /* BundID */ = {
			isa = PBXGroup;
			children = (
				E15FCE40282BFD4A00CD7AD6 /* Helpers */,
				E13925BF2841105A00161F5C /* Types */,
				E593E277281686D000154EB0 /* Managers */,
				E5CEB28B2810466C0076B9FE /* OpenECard */,
				E1AB879B2822835E00C7FC94 /* Views */,
				E16708AF283D4E9E001A1637 /* TCA */,
				E1AB879C2822839500C7FC94 /* Theme */,
				E5CEB295281050BE0076B9FE /* Info.plist */,
				E5CEB29428104F920076B9FE /* BundID.entitlements */,
				E18E22322853496B00221DB1 /* UnitTests.xctestplan */,
				E18E224228534A8500221DB1 /* UITests.xctestplan */,
				E1AAACFD2837C41700A51183 /* AllTests.xctestplan */,
				E5CEB27D281041330076B9FE /* BundIDApp.swift */,
				E5CEB281281041340076B9FE /* Assets.xcassets */,
				E1CD8E89281FFCA0008ADA2A /* Resources */,
				E5CEB283281041340076B9FE /* Preview Content */,
			);
			path = BundID;
			sourceTree = "<group>";
		};
		E5CEB283281041340076B9FE /* Preview Content */ = {
			isa = PBXGroup;
			children = (
				E5CEB284281041340076B9FE /* Preview Assets.xcassets */,
			);
			path = "Preview Content";
			sourceTree = "<group>";
		};
		E5CEB28B2810466C0076B9FE /* OpenECard */ = {
			isa = PBXGroup;
			children = (
				E12CB30328494B0B0039FD56 /* OpenECardTypes.swift */,
				E59097B4281153A100CDA144 /* NFCMessageProvider.swift */,
				E59097B6281187D200CDA144 /* OpenEcardExtensions.swift */,
				E5E69D822812FB4500A3B66A /* EIDInteractionEvent.swift */,
				E5E69D842812FB6100A3B66A /* IDCardInteractionError.swift */,
				E5E69D862812FB7A00A3B66A /* IDTask.swift */,
				E5E69D882812FB8D00A3B66A /* IDCardAttribute.swift */,
				E593E2652816845C00154EB0 /* AuthenticationTerms.swift */,
				E593E2672816847900154EB0 /* EIDAuthenticationRequest.swift */,
				E593E26D2816853A00154EB0 /* StopServiceHandler.swift */,
				E593E26F2816856200154EB0 /* StartServiceHandler.swift */,
				E593E2712816864800154EB0 /* ControllerCallback.swift */,
				E593E2732816866200154EB0 /* EACInteraction.swift */,
				E593E2752816868100154EB0 /* PINManagementInteraction.swift */,
			);
			path = OpenECard;
			sourceTree = "<group>";
		};
/* End PBXGroup section */

/* Begin PBXNativeTarget section */
		E18E2236285349D200221DB1 /* BundIDUITests */ = {
			isa = PBXNativeTarget;
			buildConfigurationList = E18E223F285349D200221DB1 /* Build configuration list for PBXNativeTarget "BundIDUITests" */;
			buildPhases = (
				E18E2233285349D200221DB1 /* Sources */,
				E18E2234285349D200221DB1 /* Frameworks */,
				E18E2235285349D200221DB1 /* Resources */,
			);
			buildRules = (
			);
			dependencies = (
				E18E223E285349D200221DB1 /* PBXTargetDependency */,
			);
			name = BundIDUITests;
			productName = BundIDUITests;
			productReference = E18E2237285349D200221DB1 /* BundIDUITests.xctest */;
			productType = "com.apple.product-type.bundle.ui-testing";
		};
		E1AAACEF28378C0E00A51183 /* BundIDTests */ = {
			isa = PBXNativeTarget;
			buildConfigurationList = E1AAACF628378C0E00A51183 /* Build configuration list for PBXNativeTarget "BundIDTests" */;
			buildPhases = (
				E13925BC28410F8C00161F5C /* [Cuckoo] Generate mocks */,
				E1AAACEC28378C0E00A51183 /* Sources */,
				E1AAACED28378C0E00A51183 /* Frameworks */,
				E1AAACEE28378C0E00A51183 /* Resources */,
			);
			buildRules = (
			);
			dependencies = (
				E1AAACF528378C0E00A51183 /* PBXTargetDependency */,
			);
			name = BundIDTests;
			packageProductDependencies = (
				E13925C1284110FD00161F5C /* Cuckoo */,
			);
			productName = BundIDTests;
			productReference = E1AAACF028378C0E00A51183 /* BundIDTests.xctest */;
			productType = "com.apple.product-type.bundle.unit-test";
		};
		E5CEB279281041330076B9FE /* BundID */ = {
			isa = PBXNativeTarget;
			buildConfigurationList = E5CEB288281041340076B9FE /* Build configuration list for PBXNativeTarget "BundID" */;
			buildPhases = (
				E15FCE3F282BFCEA00CD7AD6 /* Localize via SwiftGen */,
				E5CEB276281041330076B9FE /* Sources */,
				E5CEB277281041330076B9FE /* Frameworks */,
				E5CEB278281041330076B9FE /* Resources */,
				E5CEB29328104A190076B9FE /* Embed Frameworks */,
			);
			buildRules = (
			);
			dependencies = (
			);
			name = BundID;
			packageProductDependencies = (
				E16708A9283D1076001A1637 /* TCACoordinators */,
				E13925C928411D4C00161F5C /* Lottie */,
				E15C22FF2850F5A8005CCBB9 /* OpenEcard */,
			);
			productName = BundID;
			productReference = E5CEB27A281041330076B9FE /* BundID.app */;
			productType = "com.apple.product-type.application";
		};
/* End PBXNativeTarget section */

/* Begin PBXProject section */
		E5CEB272281041330076B9FE /* Project object */ = {
			isa = PBXProject;
			attributes = {
				BuildIndependentTargetsInParallel = 1;
				LastSwiftUpdateCheck = 1400;
				LastUpgradeCheck = 1330;
				TargetAttributes = {
					E18E2236285349D200221DB1 = {
						CreatedOnToolsVersion = 14.0;
						TestTargetID = E5CEB279281041330076B9FE;
					};
					E1AAACEF28378C0E00A51183 = {
						CreatedOnToolsVersion = 13.4;
						TestTargetID = E5CEB279281041330076B9FE;
					};
					E5CEB279281041330076B9FE = {
						CreatedOnToolsVersion = 13.3.1;
					};
				};
			};
			buildConfigurationList = E5CEB275281041330076B9FE /* Build configuration list for PBXProject "BundID" */;
			compatibilityVersion = "Xcode 13.0";
			developmentRegion = en;
			hasScannedForEncodings = 0;
			knownRegions = (
				en,
				de,
			);
			mainGroup = E5CEB271281041330076B9FE;
			packageReferences = (
				E16708A8283D1076001A1637 /* XCRemoteSwiftPackageReference "TCACoordinators" */,
				E13925B928410F3F00161F5C /* XCRemoteSwiftPackageReference "Cuckoo" */,
				E13925C828411D4C00161F5C /* XCRemoteSwiftPackageReference "lottie-ios" */,
				E15C22FE2850F5A8005CCBB9 /* XCRemoteSwiftPackageReference "open-ecard-ios" */,
			);
			productRefGroup = E5CEB27B281041330076B9FE /* Products */;
			projectDirPath = "";
			projectRoot = "";
			targets = (
				E5CEB279281041330076B9FE /* BundID */,
				E1AAACEF28378C0E00A51183 /* BundIDTests */,
				E18E2236285349D200221DB1 /* BundIDUITests */,
			);
		};
/* End PBXProject section */

/* Begin PBXResourcesBuildPhase section */
		E18E2235285349D200221DB1 /* Resources */ = {
			isa = PBXResourcesBuildPhase;
			buildActionMask = 2147483647;
			files = (
			);
			runOnlyForDeploymentPostprocessing = 0;
		};
		E1AAACEE28378C0E00A51183 /* Resources */ = {
			isa = PBXResourcesBuildPhase;
			buildActionMask = 2147483647;
			files = (
			);
			runOnlyForDeploymentPostprocessing = 0;
		};
		E5CEB278281041330076B9FE /* Resources */ = {
			isa = PBXResourcesBuildPhase;
			buildActionMask = 2147483647;
			files = (
				E1AB87AC2825238D00C7FC94 /* Localizable.strings in Resources */,
				E13925CD28411DA600161F5C /* 38076-id-scan.json in Resources */,
				E1CD8E8C281FFCC1008ADA2A /* BundesSans-DTP-Regular.otf in Resources */,
				E5CEB285281041340076B9FE /* Preview Assets.xcassets in Resources */,
				E5CEB282281041340076B9FE /* Assets.xcassets in Resources */,
				E1CD8E8D281FFCC1008ADA2A /* BundesSans-DTP-Bold.otf in Resources */,
				E19D26AF282557B00005B111 /* Localizable.stringsdict in Resources */,
			);
			runOnlyForDeploymentPostprocessing = 0;
		};
/* End PBXResourcesBuildPhase section */

/* Begin PBXShellScriptBuildPhase section */
		E13925BC28410F8C00161F5C /* [Cuckoo] Generate mocks */ = {
			isa = PBXShellScriptBuildPhase;
			buildActionMask = 2147483647;
			files = (
			);
			inputFileListPaths = (
			);
			inputPaths = (
				"$(SRCROOT)/${PROJECT_NAME}/Types/Types.swift",
				"$(SRCROOT)/${PROJECT_NAME}/OpenECard/ControllerCallback.swift",
			);
			name = "[Cuckoo] Generate mocks";
			outputFileListPaths = (
			);
			outputPaths = (
				"${PROJECT_DIR}/BundIDTests/Generated/GeneratedMocks.swift",
			);
			runOnlyForDeploymentPostprocessing = 0;
			shellPath = /bin/sh;
			shellScript = "OUTPUT_FILE=\"${PROJECT_DIR}/BundIDTests/Generated/GeneratedMocks.swift\"\n\necho \"Files: ${SCRIPT_INPUT_FILE_COUNT}\"\n\n\"${PROJECT_DIR}/Cuckoo/run\" --download generate \\\n--testable \"${PROJECT_NAME}\" \\\n--output \"${OUTPUT_FILE}\"\n\necho \"Generated Mocks File: ${OUTPUT_FILE}\"\n";
		};
		E15FCE3F282BFCEA00CD7AD6 /* Localize via SwiftGen */ = {
			isa = PBXShellScriptBuildPhase;
			buildActionMask = 2147483647;
			files = (
			);
			inputFileListPaths = (
			);
			inputPaths = (
				"$(SRCROOT)/BundID/Resources/de.lproj/Localizable.strings",
				"$(SRCROOT)/BundID/Resources/de.lproj/Localizable.stringsdict",
			);
			name = "Localize via SwiftGen";
			outputFileListPaths = (
			);
			outputPaths = (
				"$(PROJECT_DIR)/BundID/Helpers/LocalizedStrings+Generated.swift",
			);
			runOnlyForDeploymentPostprocessing = 0;
			shellPath = /bin/sh;
			shellScript = "PATH=$PATH:/opt/homebrew/bin\nswiftgen\n";
		};
/* End PBXShellScriptBuildPhase section */

/* Begin PBXSourcesBuildPhase section */
		E18E2233285349D200221DB1 /* Sources */ = {
			isa = PBXSourcesBuildPhase;
			buildActionMask = 2147483647;
			files = (
				E11EB2A928537DE1008B4042 /* XCUITestHelper.swift in Sources */,
				E18E223A285349D200221DB1 /* BundIDUITests.swift in Sources */,
			);
			runOnlyForDeploymentPostprocessing = 0;
		};
		E1AAACEC28378C0E00A51183 /* Sources */ = {
			isa = PBXSourcesBuildPhase;
			buildActionMask = 2147483647;
			files = (
				E149B15C2840F636002C1139 /* SetupScanTests.swift in Sources */,
				E12CB30628494BD70039FD56 /* IDInteractionManagerTests.swift in Sources */,
				E13925C42841111100161F5C /* GeneratedMocks.swift in Sources */,
				E1AAACF328378C0E00A51183 /* FirstTimeUserPersonalPINScreenViewModelTests.swift in Sources */,
			);
			runOnlyForDeploymentPostprocessing = 0;
		};
		E5CEB276281041330076B9FE /* Sources */ = {
			isa = PBXSourcesBuildPhase;
			buildActionMask = 2147483647;
			files = (
				E12CB30A284A2C700039FD56 /* InteractiveDismissableView.swift in Sources */,
				E5E69D832812FB4500A3B66A /* EIDInteractionEvent.swift in Sources */,
				E16708AC283D26A2001A1637 /* CoordinatorView.swift in Sources */,
				E110400D281C389C004BA03E /* SetupIntro.swift in Sources */,
				E1AB879E282283AB00C7FC94 /* Fonts.swift in Sources */,
				E16708BC283D824D001A1637 /* Scheduler+Animation.swift in Sources */,
				E593E26E2816853A00154EB0 /* StopServiceHandler.swift in Sources */,
				E16708B3283D4ED2001A1637 /* SetupCoordinator.swift in Sources */,
				E16708C0283E6A07001A1637 /* SetupScan.swift in Sources */,
				E1AAACEB2836668200A51183 /* ShakeEffect.swift in Sources */,
				E13925CF28411E2400161F5C /* LottieView.swift in Sources */,
				E593E279281686DC00154EB0 /* IDInteractionManager.swift in Sources */,
				E59097B5281153A100CDA144 /* NFCMessageProvider.swift in Sources */,
				E16708AE283D4224001A1637 /* HomeView.swift in Sources */,
				E593E2662816845C00154EB0 /* AuthenticationTerms.swift in Sources */,
				E593E2702816856200154EB0 /* StartServiceHandler.swift in Sources */,
				E16708BE283E666A001A1637 /* Store+Empty.swift in Sources */,
				E1CD8E9128214FDB008ADA2A /* SetupPINLetterIntro.swift in Sources */,
				E5E69D852812FB6100A3B66A /* IDCardInteractionError.swift in Sources */,
				E12CB30428494B0B0039FD56 /* OpenECardTypes.swift in Sources */,
				E593E2682816847900154EB0 /* EIDAuthenticationRequest.swift in Sources */,
				E16708BA283D7CA1001A1637 /* DialogButtons.swift in Sources */,
				E15FCE42282BFD4A00CD7AD6 /* LocalizedStrings+Generated.swift in Sources */,
				E12CB308284A146E0039FD56 /* SetupIncorrectTransportPIN.swift in Sources */,
				E1AB87A4282413A700C7FC94 /* PINTextField.swift in Sources */,
				E11EB2AD2853A8EA008B4042 /* SetupScreens.swift in Sources */,
				E593E2742816866200154EB0 /* EACInteraction.swift in Sources */,
				E1AAACFB2837B9A200A51183 /* SetupPersonalPINState.swift in Sources */,
				E1CD8E93282156F2008ADA2A /* SetupTransportPIN.swift in Sources */,
				E5E69D892812FB8D00A3B66A /* IDCardAttribute.swift in Sources */,
				E16708B7283D7C2B001A1637 /* DialogView.swift in Sources */,
				E16708A7283CD483001A1637 /* SetupPersonalPINErrorView.swift in Sources */,
				E1AB87A02822972A00C7FC94 /* SetupPersonalPINIntroScreen.swift in Sources */,
				E593E2762816868100154EB0 /* PINManagementInteraction.swift in Sources */,
				E1AB879A282281C400C7FC94 /* HeaderView.swift in Sources */,
				E1BD6C792847A2E5003048E4 /* SetupDone.swift in Sources */,
				E59097B7281187D200CDA144 /* OpenEcardExtensions.swift in Sources */,
				F43622A72850D6C9008AEBB9 /* SetupError.swift in Sources */,
				E1CD8E9528215971008ADA2A /* PINEntryView.swift in Sources */,
				E13925B82840FB7700161F5C /* Types.swift in Sources */,
				E13925C72841119400161F5C /* MockIDInteractionManager.swift in Sources */,
				E16708B1283D4EAC001A1637 /* AppEnvironment.swift in Sources */,
				E5CEB280281041330076B9FE /* ContentView.swift in Sources */,
				E593E2722816864800154EB0 /* ControllerCallback.swift in Sources */,
				E1CD8E88281FF62F008ADA2A /* Colors.swift in Sources */,
				E11EB2AB2853A8B6008B4042 /* Coordinator.swift in Sources */,
				E5E69D872812FB7A00A3B66A /* IDTask.swift in Sources */,
				E1AAACE828350FD500A51183 /* Array+Safe.swift in Sources */,
				E1D307B02833A2500088DAFF /* SetupPersonalPIN.swift in Sources */,
				E16708B5283D4F25001A1637 /* Screens.swift in Sources */,
				E5CEB27E281041330076B9FE /* BundIDApp.swift in Sources */,
				E1CD8E8F2820395F008ADA2A /* BundButtonStyle.swift in Sources */,
			);
			runOnlyForDeploymentPostprocessing = 0;
		};
/* End PBXSourcesBuildPhase section */

/* Begin PBXTargetDependency section */
		E18E223E285349D200221DB1 /* PBXTargetDependency */ = {
			isa = PBXTargetDependency;
			target = E5CEB279281041330076B9FE /* BundID */;
			targetProxy = E18E223D285349D200221DB1 /* PBXContainerItemProxy */;
		};
		E1AAACF528378C0E00A51183 /* PBXTargetDependency */ = {
			isa = PBXTargetDependency;
			target = E5CEB279281041330076B9FE /* BundID */;
			targetProxy = E1AAACF428378C0E00A51183 /* PBXContainerItemProxy */;
		};
/* End PBXTargetDependency section */

/* Begin PBXVariantGroup section */
		E19D26B1282557B00005B111 /* Localizable.stringsdict */ = {
			isa = PBXVariantGroup;
			children = (
				E19D26B0282557B00005B111 /* de */,
			);
			name = Localizable.stringsdict;
			sourceTree = "<group>";
		};
		E1AB87AA2825238D00C7FC94 /* Localizable.strings */ = {
			isa = PBXVariantGroup;
			children = (
				E1AB87AB2825238D00C7FC94 /* de */,
			);
			name = Localizable.strings;
			sourceTree = "<group>";
		};
/* End PBXVariantGroup section */

/* Begin XCBuildConfiguration section */
		E18E2240285349D200221DB1 /* Debug */ = {
			isa = XCBuildConfiguration;
			buildSettings = {
				CODE_SIGN_STYLE = Automatic;
				CURRENT_PROJECT_VERSION = 1;
				DEVELOPMENT_TEAM = 6YK3KTLWQR;
				GENERATE_INFOPLIST_FILE = YES;
				MARKETING_VERSION = 1.0;
				PRODUCT_BUNDLE_IDENTIFIER = com.example.BundIDUITests;
				PRODUCT_NAME = "$(TARGET_NAME)";
				SWIFT_EMIT_LOC_STRINGS = NO;
				SWIFT_VERSION = 5.0;
				TARGETED_DEVICE_FAMILY = "1,2";
				TEST_TARGET_NAME = BundID;
			};
			name = Debug;
		};
		E18E2241285349D200221DB1 /* Release */ = {
			isa = XCBuildConfiguration;
			buildSettings = {
				CODE_SIGN_STYLE = Automatic;
				CURRENT_PROJECT_VERSION = 1;
				DEVELOPMENT_TEAM = 6YK3KTLWQR;
				GENERATE_INFOPLIST_FILE = YES;
				MARKETING_VERSION = 1.0;
				PRODUCT_BUNDLE_IDENTIFIER = com.example.BundIDUITests;
				PRODUCT_NAME = "$(TARGET_NAME)";
				SWIFT_EMIT_LOC_STRINGS = NO;
				SWIFT_VERSION = 5.0;
				TARGETED_DEVICE_FAMILY = "1,2";
				TEST_TARGET_NAME = BundID;
			};
			name = Release;
		};
		E1AAACF728378C0E00A51183 /* Debug */ = {
			isa = XCBuildConfiguration;
			buildSettings = {
				BUNDLE_LOADER = "$(TEST_HOST)";
				CODE_SIGN_STYLE = Automatic;
				CURRENT_PROJECT_VERSION = 1;
				DEVELOPMENT_TEAM = 6YK3KTLWQR;
				GENERATE_INFOPLIST_FILE = YES;
				MARKETING_VERSION = 1.0;
				PRODUCT_BUNDLE_IDENTIFIER = com.example.BundIDTests;
				PRODUCT_NAME = "$(TARGET_NAME)";
				SWIFT_EMIT_LOC_STRINGS = NO;
				SWIFT_VERSION = 5.0;
				TARGETED_DEVICE_FAMILY = 1;
				TEST_HOST = "$(BUILT_PRODUCTS_DIR)/BundID.app/BundID";
			};
			name = Debug;
		};
		E1AAACF828378C0E00A51183 /* Release */ = {
			isa = XCBuildConfiguration;
			buildSettings = {
				BUNDLE_LOADER = "$(TEST_HOST)";
				CODE_SIGN_STYLE = Automatic;
				CURRENT_PROJECT_VERSION = 1;
				DEVELOPMENT_TEAM = 6YK3KTLWQR;
				GENERATE_INFOPLIST_FILE = YES;
				MARKETING_VERSION = 1.0;
				PRODUCT_BUNDLE_IDENTIFIER = com.example.BundIDTests;
				PRODUCT_NAME = "$(TARGET_NAME)";
				SWIFT_EMIT_LOC_STRINGS = NO;
				SWIFT_VERSION = 5.0;
				TARGETED_DEVICE_FAMILY = 1;
				TEST_HOST = "$(BUILT_PRODUCTS_DIR)/BundID.app/BundID";
			};
			name = Release;
		};
		E5CEB286281041340076B9FE /* Debug */ = {
			isa = XCBuildConfiguration;
			buildSettings = {
				ALWAYS_SEARCH_USER_PATHS = NO;
				CLANG_ANALYZER_NONNULL = YES;
				CLANG_ANALYZER_NUMBER_OBJECT_CONVERSION = YES_AGGRESSIVE;
				CLANG_CXX_LANGUAGE_STANDARD = "gnu++17";
				CLANG_ENABLE_MODULES = YES;
				CLANG_ENABLE_OBJC_ARC = YES;
				CLANG_ENABLE_OBJC_WEAK = YES;
				CLANG_WARN_BLOCK_CAPTURE_AUTORELEASING = YES;
				CLANG_WARN_BOOL_CONVERSION = YES;
				CLANG_WARN_COMMA = YES;
				CLANG_WARN_CONSTANT_CONVERSION = YES;
				CLANG_WARN_DEPRECATED_OBJC_IMPLEMENTATIONS = YES;
				CLANG_WARN_DIRECT_OBJC_ISA_USAGE = YES_ERROR;
				CLANG_WARN_DOCUMENTATION_COMMENTS = YES;
				CLANG_WARN_EMPTY_BODY = YES;
				CLANG_WARN_ENUM_CONVERSION = YES;
				CLANG_WARN_INFINITE_RECURSION = YES;
				CLANG_WARN_INT_CONVERSION = YES;
				CLANG_WARN_NON_LITERAL_NULL_CONVERSION = YES;
				CLANG_WARN_OBJC_IMPLICIT_RETAIN_SELF = YES;
				CLANG_WARN_OBJC_LITERAL_CONVERSION = YES;
				CLANG_WARN_OBJC_ROOT_CLASS = YES_ERROR;
				CLANG_WARN_QUOTED_INCLUDE_IN_FRAMEWORK_HEADER = YES;
				CLANG_WARN_RANGE_LOOP_ANALYSIS = YES;
				CLANG_WARN_STRICT_PROTOTYPES = YES;
				CLANG_WARN_SUSPICIOUS_MOVE = YES;
				CLANG_WARN_UNGUARDED_AVAILABILITY = YES_AGGRESSIVE;
				CLANG_WARN_UNREACHABLE_CODE = YES;
				CLANG_WARN__DUPLICATE_METHOD_MATCH = YES;
				COPY_PHASE_STRIP = NO;
				CURRENT_PROJECT_VERSION = 1;
				DEBUG_INFORMATION_FORMAT = dwarf;
				ENABLE_STRICT_OBJC_MSGSEND = YES;
				ENABLE_TESTABILITY = YES;
				GCC_C_LANGUAGE_STANDARD = gnu11;
				GCC_DYNAMIC_NO_PIC = NO;
				GCC_NO_COMMON_BLOCKS = YES;
				GCC_OPTIMIZATION_LEVEL = 0;
				GCC_PREPROCESSOR_DEFINITIONS = (
					"DEBUG=1",
					"$(inherited)",
				);
				GCC_WARN_64_TO_32_BIT_CONVERSION = YES;
				GCC_WARN_ABOUT_RETURN_TYPE = YES_ERROR;
				GCC_WARN_UNDECLARED_SELECTOR = YES;
				GCC_WARN_UNINITIALIZED_AUTOS = YES_AGGRESSIVE;
				GCC_WARN_UNUSED_FUNCTION = YES;
				GCC_WARN_UNUSED_VARIABLE = YES;
				IPHONEOS_DEPLOYMENT_TARGET = 14.0;
				MARKETING_VERSION = 1.0.0;
				MTL_ENABLE_DEBUG_INFO = INCLUDE_SOURCE;
				MTL_FAST_MATH = YES;
				ONLY_ACTIVE_ARCH = YES;
				SDKROOT = iphoneos;
				SWIFT_ACTIVE_COMPILATION_CONDITIONS = DEBUG;
				SWIFT_ENABLE_BARE_SLASH_REGEX = NO;
				SWIFT_OPTIMIZATION_LEVEL = "-Onone";
				VALIDATE_WORKSPACE = YES;
			};
			name = Debug;
		};
		E5CEB287281041340076B9FE /* Release */ = {
			isa = XCBuildConfiguration;
			buildSettings = {
				ALWAYS_SEARCH_USER_PATHS = NO;
				CLANG_ANALYZER_NONNULL = YES;
				CLANG_ANALYZER_NUMBER_OBJECT_CONVERSION = YES_AGGRESSIVE;
				CLANG_CXX_LANGUAGE_STANDARD = "gnu++17";
				CLANG_ENABLE_MODULES = YES;
				CLANG_ENABLE_OBJC_ARC = YES;
				CLANG_ENABLE_OBJC_WEAK = YES;
				CLANG_WARN_BLOCK_CAPTURE_AUTORELEASING = YES;
				CLANG_WARN_BOOL_CONVERSION = YES;
				CLANG_WARN_COMMA = YES;
				CLANG_WARN_CONSTANT_CONVERSION = YES;
				CLANG_WARN_DEPRECATED_OBJC_IMPLEMENTATIONS = YES;
				CLANG_WARN_DIRECT_OBJC_ISA_USAGE = YES_ERROR;
				CLANG_WARN_DOCUMENTATION_COMMENTS = YES;
				CLANG_WARN_EMPTY_BODY = YES;
				CLANG_WARN_ENUM_CONVERSION = YES;
				CLANG_WARN_INFINITE_RECURSION = YES;
				CLANG_WARN_INT_CONVERSION = YES;
				CLANG_WARN_NON_LITERAL_NULL_CONVERSION = YES;
				CLANG_WARN_OBJC_IMPLICIT_RETAIN_SELF = YES;
				CLANG_WARN_OBJC_LITERAL_CONVERSION = YES;
				CLANG_WARN_OBJC_ROOT_CLASS = YES_ERROR;
				CLANG_WARN_QUOTED_INCLUDE_IN_FRAMEWORK_HEADER = YES;
				CLANG_WARN_RANGE_LOOP_ANALYSIS = YES;
				CLANG_WARN_STRICT_PROTOTYPES = YES;
				CLANG_WARN_SUSPICIOUS_MOVE = YES;
				CLANG_WARN_UNGUARDED_AVAILABILITY = YES_AGGRESSIVE;
				CLANG_WARN_UNREACHABLE_CODE = YES;
				CLANG_WARN__DUPLICATE_METHOD_MATCH = YES;
				COPY_PHASE_STRIP = NO;
				CURRENT_PROJECT_VERSION = 1;
				DEBUG_INFORMATION_FORMAT = "dwarf-with-dsym";
				ENABLE_NS_ASSERTIONS = NO;
				ENABLE_STRICT_OBJC_MSGSEND = YES;
				GCC_C_LANGUAGE_STANDARD = gnu11;
				GCC_NO_COMMON_BLOCKS = YES;
				GCC_WARN_64_TO_32_BIT_CONVERSION = YES;
				GCC_WARN_ABOUT_RETURN_TYPE = YES_ERROR;
				GCC_WARN_UNDECLARED_SELECTOR = YES;
				GCC_WARN_UNINITIALIZED_AUTOS = YES_AGGRESSIVE;
				GCC_WARN_UNUSED_FUNCTION = YES;
				GCC_WARN_UNUSED_VARIABLE = YES;
				IPHONEOS_DEPLOYMENT_TARGET = 14.0;
				MARKETING_VERSION = 1.0.0;
				MTL_ENABLE_DEBUG_INFO = NO;
				MTL_FAST_MATH = YES;
				SDKROOT = iphoneos;
				SWIFT_COMPILATION_MODE = wholemodule;
				SWIFT_ENABLE_BARE_SLASH_REGEX = NO;
				SWIFT_OPTIMIZATION_LEVEL = "-O";
				VALIDATE_PRODUCT = YES;
				VALIDATE_WORKSPACE = YES;
			};
			name = Release;
		};
		E5CEB289281041340076B9FE /* Debug */ = {
			isa = XCBuildConfiguration;
			buildSettings = {
				ASSETCATALOG_COMPILER_APPICON_NAME = AppIcon;
				ASSETCATALOG_COMPILER_GLOBAL_ACCENT_COLOR_NAME = AccentColor;
				CODE_SIGN_ENTITLEMENTS = BundID/BundID.entitlements;
				CODE_SIGN_STYLE = Automatic;
				DEVELOPMENT_ASSET_PATHS = "\"BundID/Preview Content\"";
				DEVELOPMENT_TEAM = 6YK3KTLWQR;
				ENABLE_PREVIEWS = YES;
				FRAMEWORK_SEARCH_PATHS = (
					"$(inherited)",
					"$(PROJECT_DIR)/BundID/OpenECard",
				);
				GENERATE_INFOPLIST_FILE = YES;
				INFOPLIST_FILE = BundID/Info.plist;
				INFOPLIST_KEY_NFCReaderUsageDescription = "NFC Scan Usage Description";
				INFOPLIST_KEY_UIApplicationSceneManifest_Generation = YES;
				INFOPLIST_KEY_UIApplicationSupportsIndirectInputEvents = YES;
				INFOPLIST_KEY_UILaunchScreen_Generation = YES;
				INFOPLIST_KEY_UISupportedInterfaceOrientations = UIInterfaceOrientationPortrait;
				INFOPLIST_KEY_UISupportedInterfaceOrientations_iPad = "UIInterfaceOrientationPortrait UIInterfaceOrientationPortraitUpsideDown UIInterfaceOrientationLandscapeLeft UIInterfaceOrientationLandscapeRight";
				INFOPLIST_KEY_UISupportedInterfaceOrientations_iPhone = "UIInterfaceOrientationPortrait UIInterfaceOrientationLandscapeLeft UIInterfaceOrientationLandscapeRight";
				INFOPLIST_KEY_UIUserInterfaceStyle = Light;
				LD_RUNPATH_SEARCH_PATHS = (
					"$(inherited)",
					"@executable_path/Frameworks",
				);
				PRODUCT_BUNDLE_IDENTIFIER = com.example.BundID;
				PRODUCT_NAME = "$(TARGET_NAME)";
				SWIFT_EMIT_LOC_STRINGS = YES;
				SWIFT_VERSION = 5.0;
				TARGETED_DEVICE_FAMILY = 1;
			};
			name = Debug;
		};
		E5CEB28A281041340076B9FE /* Release */ = {
			isa = XCBuildConfiguration;
			buildSettings = {
				ASSETCATALOG_COMPILER_APPICON_NAME = AppIcon;
				ASSETCATALOG_COMPILER_GLOBAL_ACCENT_COLOR_NAME = AccentColor;
				CODE_SIGN_ENTITLEMENTS = BundID/BundID.entitlements;
				CODE_SIGN_STYLE = Automatic;
				DEVELOPMENT_ASSET_PATHS = "\"BundID/Preview Content\"";
				DEVELOPMENT_TEAM = 6YK3KTLWQR;
				ENABLE_PREVIEWS = YES;
				FRAMEWORK_SEARCH_PATHS = (
					"$(inherited)",
					"$(PROJECT_DIR)/BundID/OpenECard",
				);
				GENERATE_INFOPLIST_FILE = YES;
				INFOPLIST_FILE = BundID/Info.plist;
				INFOPLIST_KEY_NFCReaderUsageDescription = "NFC Scan Usage Description";
				INFOPLIST_KEY_UIApplicationSceneManifest_Generation = YES;
				INFOPLIST_KEY_UIApplicationSupportsIndirectInputEvents = YES;
				INFOPLIST_KEY_UILaunchScreen_Generation = YES;
				INFOPLIST_KEY_UISupportedInterfaceOrientations = UIInterfaceOrientationPortrait;
				INFOPLIST_KEY_UISupportedInterfaceOrientations_iPad = "UIInterfaceOrientationPortrait UIInterfaceOrientationPortraitUpsideDown UIInterfaceOrientationLandscapeLeft UIInterfaceOrientationLandscapeRight";
				INFOPLIST_KEY_UISupportedInterfaceOrientations_iPhone = "UIInterfaceOrientationPortrait UIInterfaceOrientationLandscapeLeft UIInterfaceOrientationLandscapeRight";
				INFOPLIST_KEY_UIUserInterfaceStyle = Light;
				LD_RUNPATH_SEARCH_PATHS = (
					"$(inherited)",
					"@executable_path/Frameworks",
				);
				PRODUCT_BUNDLE_IDENTIFIER = com.example.BundID;
				PRODUCT_NAME = "$(TARGET_NAME)";
				SWIFT_EMIT_LOC_STRINGS = YES;
				SWIFT_VERSION = 5.0;
				TARGETED_DEVICE_FAMILY = 1;
			};
			name = Release;
		};
/* End XCBuildConfiguration section */

/* Begin XCConfigurationList section */
		E18E223F285349D200221DB1 /* Build configuration list for PBXNativeTarget "BundIDUITests" */ = {
			isa = XCConfigurationList;
			buildConfigurations = (
				E18E2240285349D200221DB1 /* Debug */,
				E18E2241285349D200221DB1 /* Release */,
			);
			defaultConfigurationIsVisible = 0;
			defaultConfigurationName = Release;
		};
		E1AAACF628378C0E00A51183 /* Build configuration list for PBXNativeTarget "BundIDTests" */ = {
			isa = XCConfigurationList;
			buildConfigurations = (
				E1AAACF728378C0E00A51183 /* Debug */,
				E1AAACF828378C0E00A51183 /* Release */,
			);
			defaultConfigurationIsVisible = 0;
			defaultConfigurationName = Release;
		};
		E5CEB275281041330076B9FE /* Build configuration list for PBXProject "BundID" */ = {
			isa = XCConfigurationList;
			buildConfigurations = (
				E5CEB286281041340076B9FE /* Debug */,
				E5CEB287281041340076B9FE /* Release */,
			);
			defaultConfigurationIsVisible = 0;
			defaultConfigurationName = Release;
		};
		E5CEB288281041340076B9FE /* Build configuration list for PBXNativeTarget "BundID" */ = {
			isa = XCConfigurationList;
			buildConfigurations = (
				E5CEB289281041340076B9FE /* Debug */,
				E5CEB28A281041340076B9FE /* Release */,
			);
			defaultConfigurationIsVisible = 0;
			defaultConfigurationName = Release;
		};
/* End XCConfigurationList section */

/* Begin XCRemoteSwiftPackageReference section */
		E13925B928410F3F00161F5C /* XCRemoteSwiftPackageReference "Cuckoo" */ = {
			isa = XCRemoteSwiftPackageReference;
			repositoryURL = "https://github.com/Brightify/Cuckoo";
			requirement = {
				kind = upToNextMajorVersion;
				minimumVersion = 1.7.1;
			};
		};
		E13925C828411D4C00161F5C /* XCRemoteSwiftPackageReference "lottie-ios" */ = {
			isa = XCRemoteSwiftPackageReference;
			repositoryURL = "https://github.com/airbnb/lottie-ios";
			requirement = {
				kind = upToNextMajorVersion;
				minimumVersion = 3.0.0;
			};
		};
		E15C22FE2850F5A8005CCBB9 /* XCRemoteSwiftPackageReference "open-ecard-ios" */ = {
			isa = XCRemoteSwiftPackageReference;
			repositoryURL = "https://github.com/TICESoftware/open-ecard-ios";
			requirement = {
				kind = upToNextMajorVersion;
				minimumVersion = 2.1.2;
			};
		};
		E16708A8283D1076001A1637 /* XCRemoteSwiftPackageReference "TCACoordinators" */ = {
			isa = XCRemoteSwiftPackageReference;
			repositoryURL = "https://github.com/johnpatrickmorgan/TCACoordinators.git";
			requirement = {
				kind = upToNextMajorVersion;
				minimumVersion = 0.1.2;
			};
		};
/* End XCRemoteSwiftPackageReference section */

/* Begin XCSwiftPackageProductDependency section */
		E13925C1284110FD00161F5C /* Cuckoo */ = {
			isa = XCSwiftPackageProductDependency;
			package = E13925B928410F3F00161F5C /* XCRemoteSwiftPackageReference "Cuckoo" */;
			productName = Cuckoo;
		};
		E13925C928411D4C00161F5C /* Lottie */ = {
			isa = XCSwiftPackageProductDependency;
			package = E13925C828411D4C00161F5C /* XCRemoteSwiftPackageReference "lottie-ios" */;
			productName = Lottie;
		};
		E15C22FF2850F5A8005CCBB9 /* OpenEcard */ = {
			isa = XCSwiftPackageProductDependency;
			package = E15C22FE2850F5A8005CCBB9 /* XCRemoteSwiftPackageReference "open-ecard-ios" */;
			productName = OpenEcard;
		};
		E16708A9283D1076001A1637 /* TCACoordinators */ = {
			isa = XCSwiftPackageProductDependency;
			package = E16708A8283D1076001A1637 /* XCRemoteSwiftPackageReference "TCACoordinators" */;
			productName = TCACoordinators;
		};
/* End XCSwiftPackageProductDependency section */
	};
	rootObject = E5CEB272281041330076B9FE /* Project object */;
}
