// !$*UTF8*$!
{
	archiveVersion = 1;
	classes = {
	};
	objectVersion = 55;
	objects = {

/* Begin PBXBuildFile section */
		E110400A281C2D2F004BA03E /* OpenEcard.xcframework in Frameworks */ = {isa = PBXBuildFile; fileRef = E1104008281C2D1C004BA03E /* OpenEcard.xcframework */; };
		E110400B281C2D2F004BA03E /* OpenEcard.xcframework in Embed Frameworks */ = {isa = PBXBuildFile; fileRef = E1104008281C2D1C004BA03E /* OpenEcard.xcframework */; settings = {ATTRIBUTES = (CodeSignOnCopy, RemoveHeadersOnCopy, ); }; };
		E110400D281C389C004BA03E /* FirstTimeUserCheckScreen.swift in Sources */ = {isa = PBXBuildFile; fileRef = E110400C281C389C004BA03E /* FirstTimeUserCheckScreen.swift */; };
		E15FCE42282BFD4A00CD7AD6 /* LocalizedStrings+Generated.swift in Sources */ = {isa = PBXBuildFile; fileRef = E15FCE41282BFD4A00CD7AD6 /* LocalizedStrings+Generated.swift */; };
		E19D26AF282557B00005B111 /* Localizable.stringsdict in Resources */ = {isa = PBXBuildFile; fileRef = E19D26B1282557B00005B111 /* Localizable.stringsdict */; };
		E1AAACE828350FD500A51183 /* Array+Safe.swift in Sources */ = {isa = PBXBuildFile; fileRef = E1AAACE728350FD500A51183 /* Array+Safe.swift */; };
		E1AAACEB2836668200A51183 /* ShakeEffect.swift in Sources */ = {isa = PBXBuildFile; fileRef = E1AAACEA2836668200A51183 /* ShakeEffect.swift */; };
		E1AB879A282281C400C7FC94 /* HeaderView.swift in Sources */ = {isa = PBXBuildFile; fileRef = E1AB8799282281C400C7FC94 /* HeaderView.swift */; };
		E1AB879E282283AB00C7FC94 /* Fonts.swift in Sources */ = {isa = PBXBuildFile; fileRef = E1AB879D282283AB00C7FC94 /* Fonts.swift */; };
		E1AB87A02822972A00C7FC94 /* FirstTimeUserChoosePINIntroScreen.swift in Sources */ = {isa = PBXBuildFile; fileRef = E1AB879F2822972A00C7FC94 /* FirstTimeUserChoosePINIntroScreen.swift */; };
		E1AB87A4282413A700C7FC94 /* PINTextField.swift in Sources */ = {isa = PBXBuildFile; fileRef = E1AB87A3282413A700C7FC94 /* PINTextField.swift */; };
		E1AB87AC2825238D00C7FC94 /* Localizable.strings in Resources */ = {isa = PBXBuildFile; fileRef = E1AB87AA2825238D00C7FC94 /* Localizable.strings */; };
		E1CD8E88281FF62F008ADA2A /* Colors.swift in Sources */ = {isa = PBXBuildFile; fileRef = E1CD8E87281FF62F008ADA2A /* Colors.swift */; };
		E1CD8E8C281FFCC1008ADA2A /* BundesSans-DTP-Regular.otf in Resources */ = {isa = PBXBuildFile; fileRef = E1CD8E8A281FFCC1008ADA2A /* BundesSans-DTP-Regular.otf */; };
		E1CD8E8D281FFCC1008ADA2A /* BundesSans-DTP-Bold.otf in Resources */ = {isa = PBXBuildFile; fileRef = E1CD8E8B281FFCC1008ADA2A /* BundesSans-DTP-Bold.otf */; };
		E1CD8E8F2820395F008ADA2A /* BundButtonStyle.swift in Sources */ = {isa = PBXBuildFile; fileRef = E1CD8E8E2820395F008ADA2A /* BundButtonStyle.swift */; };
		E1CD8E9128214FDB008ADA2A /* FirstTimeUserPINLetterScreen.swift in Sources */ = {isa = PBXBuildFile; fileRef = E1CD8E9028214FDB008ADA2A /* FirstTimeUserPINLetterScreen.swift */; };
		E1CD8E93282156F2008ADA2A /* FirstTimeUserTransportPINScreen.swift in Sources */ = {isa = PBXBuildFile; fileRef = E1CD8E92282156F2008ADA2A /* FirstTimeUserTransportPINScreen.swift */; };
		E1CD8E9528215971008ADA2A /* PINEntryView.swift in Sources */ = {isa = PBXBuildFile; fileRef = E1CD8E9428215971008ADA2A /* PINEntryView.swift */; };
		E1D307B02833A2500088DAFF /* FirstTimeUserChoosePINScreen.swift in Sources */ = {isa = PBXBuildFile; fileRef = E1D307AF2833A2500088DAFF /* FirstTimeUserChoosePINScreen.swift */; };
		E59097B5281153A100CDA144 /* NFCMessageProvider.swift in Sources */ = {isa = PBXBuildFile; fileRef = E59097B4281153A100CDA144 /* NFCMessageProvider.swift */; };
		E59097B7281187D200CDA144 /* OpenEcardExtensions.swift in Sources */ = {isa = PBXBuildFile; fileRef = E59097B6281187D200CDA144 /* OpenEcardExtensions.swift */; };
		E593E2662816845C00154EB0 /* AuthenticationTerms.swift in Sources */ = {isa = PBXBuildFile; fileRef = E593E2652816845C00154EB0 /* AuthenticationTerms.swift */; };
		E593E2682816847900154EB0 /* EIDAuthenticationRequest.swift in Sources */ = {isa = PBXBuildFile; fileRef = E593E2672816847900154EB0 /* EIDAuthenticationRequest.swift */; };
		E593E26A281684E600154EB0 /* OpenECardHandlerDelegate.swift in Sources */ = {isa = PBXBuildFile; fileRef = E593E269281684E600154EB0 /* OpenECardHandlerDelegate.swift */; };
		E593E26C2816851C00154EB0 /* OpenECardHandlerBase.swift in Sources */ = {isa = PBXBuildFile; fileRef = E593E26B2816851C00154EB0 /* OpenECardHandlerBase.swift */; };
		E593E26E2816853A00154EB0 /* StopServiceHandler.swift in Sources */ = {isa = PBXBuildFile; fileRef = E593E26D2816853A00154EB0 /* StopServiceHandler.swift */; };
		E593E2702816856200154EB0 /* StartServiceHandler.swift in Sources */ = {isa = PBXBuildFile; fileRef = E593E26F2816856200154EB0 /* StartServiceHandler.swift */; };
		E593E2722816864800154EB0 /* ControllerCallback.swift in Sources */ = {isa = PBXBuildFile; fileRef = E593E2712816864800154EB0 /* ControllerCallback.swift */; };
		E593E2742816866200154EB0 /* EACInteraction.swift in Sources */ = {isa = PBXBuildFile; fileRef = E593E2732816866200154EB0 /* EACInteraction.swift */; };
		E593E2762816868100154EB0 /* PINManagementInteraction.swift in Sources */ = {isa = PBXBuildFile; fileRef = E593E2752816868100154EB0 /* PINManagementInteraction.swift */; };
		E593E279281686DC00154EB0 /* IDInteractionManager.swift in Sources */ = {isa = PBXBuildFile; fileRef = E593E278281686DC00154EB0 /* IDInteractionManager.swift */; };
		E5CEB27E281041330076B9FE /* BundIDApp.swift in Sources */ = {isa = PBXBuildFile; fileRef = E5CEB27D281041330076B9FE /* BundIDApp.swift */; };
		E5CEB280281041330076B9FE /* ContentView.swift in Sources */ = {isa = PBXBuildFile; fileRef = E5CEB27F281041330076B9FE /* ContentView.swift */; };
		E5CEB282281041340076B9FE /* Assets.xcassets in Resources */ = {isa = PBXBuildFile; fileRef = E5CEB281281041340076B9FE /* Assets.xcassets */; };
		E5CEB285281041340076B9FE /* Preview Assets.xcassets in Resources */ = {isa = PBXBuildFile; fileRef = E5CEB284281041340076B9FE /* Preview Assets.xcassets */; };
		E5E69D832812FB4500A3B66A /* EIDInteractionEvent.swift in Sources */ = {isa = PBXBuildFile; fileRef = E5E69D822812FB4500A3B66A /* EIDInteractionEvent.swift */; };
		E5E69D852812FB6100A3B66A /* IDCardInteractionError.swift in Sources */ = {isa = PBXBuildFile; fileRef = E5E69D842812FB6100A3B66A /* IDCardInteractionError.swift */; };
		E5E69D872812FB7A00A3B66A /* IDTask.swift in Sources */ = {isa = PBXBuildFile; fileRef = E5E69D862812FB7A00A3B66A /* IDTask.swift */; };
		E5E69D892812FB8D00A3B66A /* IDCardAttribute.swift in Sources */ = {isa = PBXBuildFile; fileRef = E5E69D882812FB8D00A3B66A /* IDCardAttribute.swift */; };
/* End PBXBuildFile section */

/* Begin PBXCopyFilesBuildPhase section */
		E5CEB29328104A190076B9FE /* Embed Frameworks */ = {
			isa = PBXCopyFilesBuildPhase;
			buildActionMask = 2147483647;
			dstPath = "";
			dstSubfolderSpec = 10;
			files = (
				E110400B281C2D2F004BA03E /* OpenEcard.xcframework in Embed Frameworks */,
			);
			name = "Embed Frameworks";
			runOnlyForDeploymentPostprocessing = 0;
		};
/* End PBXCopyFilesBuildPhase section */

/* Begin PBXFileReference section */
		E1104008281C2D1C004BA03E /* OpenEcard.xcframework */ = {isa = PBXFileReference; lastKnownFileType = wrapper.xcframework; path = OpenEcard.xcframework; sourceTree = "<group>"; };
		E110400C281C389C004BA03E /* FirstTimeUserCheckScreen.swift */ = {isa = PBXFileReference; lastKnownFileType = sourcecode.swift; path = FirstTimeUserCheckScreen.swift; sourceTree = "<group>"; };
		E15FCE41282BFD4A00CD7AD6 /* LocalizedStrings+Generated.swift */ = {isa = PBXFileReference; fileEncoding = 4; lastKnownFileType = sourcecode.swift; path = "LocalizedStrings+Generated.swift"; sourceTree = "<group>"; };
		E19D26B0282557B00005B111 /* de */ = {isa = PBXFileReference; lastKnownFileType = text.plist.stringsdict; name = de; path = de.lproj/Localizable.stringsdict; sourceTree = "<group>"; };
		E1AAACE728350FD500A51183 /* Array+Safe.swift */ = {isa = PBXFileReference; lastKnownFileType = sourcecode.swift; path = "Array+Safe.swift"; sourceTree = "<group>"; };
		E1AAACEA2836668200A51183 /* ShakeEffect.swift */ = {isa = PBXFileReference; lastKnownFileType = sourcecode.swift; path = ShakeEffect.swift; sourceTree = "<group>"; };
		E1AB8799282281C400C7FC94 /* HeaderView.swift */ = {isa = PBXFileReference; lastKnownFileType = sourcecode.swift; path = HeaderView.swift; sourceTree = "<group>"; };
		E1AB879D282283AB00C7FC94 /* Fonts.swift */ = {isa = PBXFileReference; lastKnownFileType = sourcecode.swift; path = Fonts.swift; sourceTree = "<group>"; };
		E1AB879F2822972A00C7FC94 /* FirstTimeUserChoosePINIntroScreen.swift */ = {isa = PBXFileReference; lastKnownFileType = sourcecode.swift; path = FirstTimeUserChoosePINIntroScreen.swift; sourceTree = "<group>"; };
		E1AB87A3282413A700C7FC94 /* PINTextField.swift */ = {isa = PBXFileReference; lastKnownFileType = sourcecode.swift; path = PINTextField.swift; sourceTree = "<group>"; };
		E1AB87AB2825238D00C7FC94 /* de */ = {isa = PBXFileReference; lastKnownFileType = text.plist.strings; name = de; path = de.lproj/Localizable.strings; sourceTree = "<group>"; };
		E1CD8E87281FF62F008ADA2A /* Colors.swift */ = {isa = PBXFileReference; lastKnownFileType = sourcecode.swift; path = Colors.swift; sourceTree = "<group>"; };
		E1CD8E8A281FFCC1008ADA2A /* BundesSans-DTP-Regular.otf */ = {isa = PBXFileReference; lastKnownFileType = file; path = "BundesSans-DTP-Regular.otf"; sourceTree = "<group>"; };
		E1CD8E8B281FFCC1008ADA2A /* BundesSans-DTP-Bold.otf */ = {isa = PBXFileReference; lastKnownFileType = file; path = "BundesSans-DTP-Bold.otf"; sourceTree = "<group>"; };
		E1CD8E8E2820395F008ADA2A /* BundButtonStyle.swift */ = {isa = PBXFileReference; lastKnownFileType = sourcecode.swift; path = BundButtonStyle.swift; sourceTree = "<group>"; };
		E1CD8E9028214FDB008ADA2A /* FirstTimeUserPINLetterScreen.swift */ = {isa = PBXFileReference; lastKnownFileType = sourcecode.swift; path = FirstTimeUserPINLetterScreen.swift; sourceTree = "<group>"; };
		E1CD8E92282156F2008ADA2A /* FirstTimeUserTransportPINScreen.swift */ = {isa = PBXFileReference; lastKnownFileType = sourcecode.swift; path = FirstTimeUserTransportPINScreen.swift; sourceTree = "<group>"; };
		E1CD8E9428215971008ADA2A /* PINEntryView.swift */ = {isa = PBXFileReference; lastKnownFileType = sourcecode.swift; path = PINEntryView.swift; sourceTree = "<group>"; };
		E1D307AF2833A2500088DAFF /* FirstTimeUserChoosePINScreen.swift */ = {isa = PBXFileReference; fileEncoding = 4; lastKnownFileType = sourcecode.swift; path = FirstTimeUserChoosePINScreen.swift; sourceTree = "<group>"; };
		E59097B4281153A100CDA144 /* NFCMessageProvider.swift */ = {isa = PBXFileReference; lastKnownFileType = sourcecode.swift; path = NFCMessageProvider.swift; sourceTree = "<group>"; };
		E59097B6281187D200CDA144 /* OpenEcardExtensions.swift */ = {isa = PBXFileReference; lastKnownFileType = sourcecode.swift; path = OpenEcardExtensions.swift; sourceTree = "<group>"; };
		E593E2652816845C00154EB0 /* AuthenticationTerms.swift */ = {isa = PBXFileReference; lastKnownFileType = sourcecode.swift; path = AuthenticationTerms.swift; sourceTree = "<group>"; };
		E593E2672816847900154EB0 /* EIDAuthenticationRequest.swift */ = {isa = PBXFileReference; lastKnownFileType = sourcecode.swift; path = EIDAuthenticationRequest.swift; sourceTree = "<group>"; };
		E593E269281684E600154EB0 /* OpenECardHandlerDelegate.swift */ = {isa = PBXFileReference; lastKnownFileType = sourcecode.swift; path = OpenECardHandlerDelegate.swift; sourceTree = "<group>"; };
		E593E26B2816851C00154EB0 /* OpenECardHandlerBase.swift */ = {isa = PBXFileReference; lastKnownFileType = sourcecode.swift; path = OpenECardHandlerBase.swift; sourceTree = "<group>"; };
		E593E26D2816853A00154EB0 /* StopServiceHandler.swift */ = {isa = PBXFileReference; lastKnownFileType = sourcecode.swift; path = StopServiceHandler.swift; sourceTree = "<group>"; };
		E593E26F2816856200154EB0 /* StartServiceHandler.swift */ = {isa = PBXFileReference; lastKnownFileType = sourcecode.swift; path = StartServiceHandler.swift; sourceTree = "<group>"; };
		E593E2712816864800154EB0 /* ControllerCallback.swift */ = {isa = PBXFileReference; lastKnownFileType = sourcecode.swift; path = ControllerCallback.swift; sourceTree = "<group>"; };
		E593E2732816866200154EB0 /* EACInteraction.swift */ = {isa = PBXFileReference; lastKnownFileType = sourcecode.swift; path = EACInteraction.swift; sourceTree = "<group>"; };
		E593E2752816868100154EB0 /* PINManagementInteraction.swift */ = {isa = PBXFileReference; lastKnownFileType = sourcecode.swift; path = PINManagementInteraction.swift; sourceTree = "<group>"; };
		E593E278281686DC00154EB0 /* IDInteractionManager.swift */ = {isa = PBXFileReference; lastKnownFileType = sourcecode.swift; path = IDInteractionManager.swift; sourceTree = "<group>"; };
		E5CEB27A281041330076B9FE /* BundID.app */ = {isa = PBXFileReference; explicitFileType = wrapper.application; includeInIndex = 0; path = BundID.app; sourceTree = BUILT_PRODUCTS_DIR; };
		E5CEB27D281041330076B9FE /* BundIDApp.swift */ = {isa = PBXFileReference; lastKnownFileType = sourcecode.swift; path = BundIDApp.swift; sourceTree = "<group>"; };
		E5CEB27F281041330076B9FE /* ContentView.swift */ = {isa = PBXFileReference; lastKnownFileType = sourcecode.swift; path = ContentView.swift; sourceTree = "<group>"; };
		E5CEB281281041340076B9FE /* Assets.xcassets */ = {isa = PBXFileReference; lastKnownFileType = folder.assetcatalog; path = Assets.xcassets; sourceTree = "<group>"; };
		E5CEB284281041340076B9FE /* Preview Assets.xcassets */ = {isa = PBXFileReference; lastKnownFileType = folder.assetcatalog; path = "Preview Assets.xcassets"; sourceTree = "<group>"; };
		E5CEB29428104F920076B9FE /* BundID.entitlements */ = {isa = PBXFileReference; lastKnownFileType = text.plist.entitlements; path = BundID.entitlements; sourceTree = "<group>"; };
		E5CEB295281050BE0076B9FE /* Info.plist */ = {isa = PBXFileReference; lastKnownFileType = text.plist; path = Info.plist; sourceTree = "<group>"; };
		E5E69D822812FB4500A3B66A /* EIDInteractionEvent.swift */ = {isa = PBXFileReference; lastKnownFileType = sourcecode.swift; path = EIDInteractionEvent.swift; sourceTree = "<group>"; };
		E5E69D842812FB6100A3B66A /* IDCardInteractionError.swift */ = {isa = PBXFileReference; lastKnownFileType = sourcecode.swift; path = IDCardInteractionError.swift; sourceTree = "<group>"; };
		E5E69D862812FB7A00A3B66A /* IDTask.swift */ = {isa = PBXFileReference; lastKnownFileType = sourcecode.swift; path = IDTask.swift; sourceTree = "<group>"; };
		E5E69D882812FB8D00A3B66A /* IDCardAttribute.swift */ = {isa = PBXFileReference; lastKnownFileType = sourcecode.swift; path = IDCardAttribute.swift; sourceTree = "<group>"; };
/* End PBXFileReference section */

/* Begin PBXFrameworksBuildPhase section */
		E5CEB277281041330076B9FE /* Frameworks */ = {
			isa = PBXFrameworksBuildPhase;
			buildActionMask = 2147483647;
			files = (
				E110400A281C2D2F004BA03E /* OpenEcard.xcframework in Frameworks */,
			);
			runOnlyForDeploymentPostprocessing = 0;
		};
/* End PBXFrameworksBuildPhase section */

/* Begin PBXGroup section */
		E15FCE40282BFD4A00CD7AD6 /* Helpers */ = {
			isa = PBXGroup;
			children = (
				E15FCE41282BFD4A00CD7AD6 /* LocalizedStrings+Generated.swift */,
				E1AAACE728350FD500A51183 /* Array+Safe.swift */,
				E1AAACEA2836668200A51183 /* ShakeEffect.swift */,
			);
			path = Helpers;
			sourceTree = "<group>";
		};
		E1AB879B2822835E00C7FC94 /* Views */ = {
			isa = PBXGroup;
			children = (
				E5CEB27F281041330076B9FE /* ContentView.swift */,
				E1AB8799282281C400C7FC94 /* HeaderView.swift */,
				E110400C281C389C004BA03E /* FirstTimeUserCheckScreen.swift */,
				E1CD8E9028214FDB008ADA2A /* FirstTimeUserPINLetterScreen.swift */,
				E1CD8E92282156F2008ADA2A /* FirstTimeUserTransportPINScreen.swift */,
				E1AB879F2822972A00C7FC94 /* FirstTimeUserChoosePINIntroScreen.swift */,
				E1D307AF2833A2500088DAFF /* FirstTimeUserChoosePINScreen.swift */,
				E1CD8E9428215971008ADA2A /* PINEntryView.swift */,
				E1AB87A3282413A700C7FC94 /* PINTextField.swift */,
			);
			path = Views;
			sourceTree = "<group>";
		};
		E1AB879C2822839500C7FC94 /* Theme */ = {
			isa = PBXGroup;
			children = (
				E1CD8E8E2820395F008ADA2A /* BundButtonStyle.swift */,
				E1CD8E87281FF62F008ADA2A /* Colors.swift */,
				E1AB879D282283AB00C7FC94 /* Fonts.swift */,
			);
			path = Theme;
			sourceTree = "<group>";
		};
		E1CD8E89281FFCA0008ADA2A /* Resources */ = {
			isa = PBXGroup;
			children = (
				E1AB87AA2825238D00C7FC94 /* Localizable.strings */,
				E19D26B1282557B00005B111 /* Localizable.stringsdict */,
				E1CD8E8B281FFCC1008ADA2A /* BundesSans-DTP-Bold.otf */,
				E1CD8E8A281FFCC1008ADA2A /* BundesSans-DTP-Regular.otf */,
			);
			path = Resources;
			sourceTree = "<group>";
		};
		E593E277281686D000154EB0 /* Managers */ = {
			isa = PBXGroup;
			children = (
				E593E278281686DC00154EB0 /* IDInteractionManager.swift */,
			);
			path = Managers;
			sourceTree = "<group>";
		};
		E5CEB271281041330076B9FE = {
			isa = PBXGroup;
			children = (
				E5CEB27C281041330076B9FE /* BundID */,
				E5CEB27B281041330076B9FE /* Products */,
			);
			sourceTree = "<group>";
		};
		E5CEB27B281041330076B9FE /* Products */ = {
			isa = PBXGroup;
			children = (
				E5CEB27A281041330076B9FE /* BundID.app */,
			);
			name = Products;
			sourceTree = "<group>";
		};
		E5CEB27C281041330076B9FE /* BundID */ = {
			isa = PBXGroup;
			children = (
				E15FCE40282BFD4A00CD7AD6 /* Helpers */,
				E593E277281686D000154EB0 /* Managers */,
				E5CEB28B2810466C0076B9FE /* OpenECard */,
				E1AB879B2822835E00C7FC94 /* Views */,
				E1AB879C2822839500C7FC94 /* Theme */,
				E5CEB295281050BE0076B9FE /* Info.plist */,
				E5CEB29428104F920076B9FE /* BundID.entitlements */,
				E5CEB27D281041330076B9FE /* BundIDApp.swift */,
				E5CEB281281041340076B9FE /* Assets.xcassets */,
				E1CD8E89281FFCA0008ADA2A /* Resources */,
				E5CEB283281041340076B9FE /* Preview Content */,
			);
			path = BundID;
			sourceTree = "<group>";
		};
		E5CEB283281041340076B9FE /* Preview Content */ = {
			isa = PBXGroup;
			children = (
				E5CEB284281041340076B9FE /* Preview Assets.xcassets */,
			);
			path = "Preview Content";
			sourceTree = "<group>";
		};
		E5CEB28B2810466C0076B9FE /* OpenECard */ = {
			isa = PBXGroup;
			children = (
				E1104008281C2D1C004BA03E /* OpenEcard.xcframework */,
				E59097B4281153A100CDA144 /* NFCMessageProvider.swift */,
				E59097B6281187D200CDA144 /* OpenEcardExtensions.swift */,
				E5E69D822812FB4500A3B66A /* EIDInteractionEvent.swift */,
				E5E69D842812FB6100A3B66A /* IDCardInteractionError.swift */,
				E5E69D862812FB7A00A3B66A /* IDTask.swift */,
				E5E69D882812FB8D00A3B66A /* IDCardAttribute.swift */,
				E593E2652816845C00154EB0 /* AuthenticationTerms.swift */,
				E593E2672816847900154EB0 /* EIDAuthenticationRequest.swift */,
				E593E269281684E600154EB0 /* OpenECardHandlerDelegate.swift */,
				E593E26B2816851C00154EB0 /* OpenECardHandlerBase.swift */,
				E593E26D2816853A00154EB0 /* StopServiceHandler.swift */,
				E593E26F2816856200154EB0 /* StartServiceHandler.swift */,
				E593E2712816864800154EB0 /* ControllerCallback.swift */,
				E593E2732816866200154EB0 /* EACInteraction.swift */,
				E593E2752816868100154EB0 /* PINManagementInteraction.swift */,
			);
			path = OpenECard;
			sourceTree = "<group>";
		};
/* End PBXGroup section */

/* Begin PBXNativeTarget section */
		E5CEB279281041330076B9FE /* BundID */ = {
			isa = PBXNativeTarget;
			buildConfigurationList = E5CEB288281041340076B9FE /* Build configuration list for PBXNativeTarget "BundID" */;
			buildPhases = (
				E15FCE3F282BFCEA00CD7AD6 /* Localize via SwiftGen */,
				E5CEB276281041330076B9FE /* Sources */,
				E5CEB277281041330076B9FE /* Frameworks */,
				E5CEB278281041330076B9FE /* Resources */,
				E5CEB29328104A190076B9FE /* Embed Frameworks */,
			);
			buildRules = (
			);
			dependencies = (
			);
			name = BundID;
			packageProductDependencies = (
			);
			productName = BundID;
			productReference = E5CEB27A281041330076B9FE /* BundID.app */;
			productType = "com.apple.product-type.application";
		};
/* End PBXNativeTarget section */

/* Begin PBXProject section */
		E5CEB272281041330076B9FE /* Project object */ = {
			isa = PBXProject;
			attributes = {
				BuildIndependentTargetsInParallel = 1;
				LastSwiftUpdateCheck = 1330;
				LastUpgradeCheck = 1330;
				TargetAttributes = {
					E5CEB279281041330076B9FE = {
						CreatedOnToolsVersion = 13.3.1;
					};
				};
			};
			buildConfigurationList = E5CEB275281041330076B9FE /* Build configuration list for PBXProject "BundID" */;
			compatibilityVersion = "Xcode 13.0";
			developmentRegion = en;
			hasScannedForEncodings = 0;
			knownRegions = (
				en,
				de,
			);
			mainGroup = E5CEB271281041330076B9FE;
			packageReferences = (
			);
			productRefGroup = E5CEB27B281041330076B9FE /* Products */;
			projectDirPath = "";
			projectRoot = "";
			targets = (
				E5CEB279281041330076B9FE /* BundID */,
			);
		};
/* End PBXProject section */

/* Begin PBXResourcesBuildPhase section */
		E5CEB278281041330076B9FE /* Resources */ = {
			isa = PBXResourcesBuildPhase;
			buildActionMask = 2147483647;
			files = (
				E1AB87AC2825238D00C7FC94 /* Localizable.strings in Resources */,
				E1CD8E8C281FFCC1008ADA2A /* BundesSans-DTP-Regular.otf in Resources */,
				E5CEB285281041340076B9FE /* Preview Assets.xcassets in Resources */,
				E5CEB282281041340076B9FE /* Assets.xcassets in Resources */,
				E1CD8E8D281FFCC1008ADA2A /* BundesSans-DTP-Bold.otf in Resources */,
				E19D26AF282557B00005B111 /* Localizable.stringsdict in Resources */,
			);
			runOnlyForDeploymentPostprocessing = 0;
		};
/* End PBXResourcesBuildPhase section */

/* Begin PBXShellScriptBuildPhase section */
		E15FCE3F282BFCEA00CD7AD6 /* Localize via SwiftGen */ = {
			isa = PBXShellScriptBuildPhase;
			buildActionMask = 2147483647;
			files = (
			);
			inputFileListPaths = (
			);
			inputPaths = (
				"$(SRCROOT)/BundID/Resources/de.lproj/Localizable.strings",
				"$(SRCROOT)/BundID/Resources/de.lproj/Localizable.stringsdict",
			);
			name = "Localize via SwiftGen";
			outputFileListPaths = (
			);
			outputPaths = (
				"$(DERIVED_FILE_DIR)/BundID/Helpers/LocalizedStrings+Generated.swift",
			);
			runOnlyForDeploymentPostprocessing = 0;
			shellPath = /bin/sh;
			shellScript = "PATH=$PATH:/opt/homebrew/bin\nswiftgen\n";
		};
/* End PBXShellScriptBuildPhase section */

/* Begin PBXSourcesBuildPhase section */
		E5CEB276281041330076B9FE /* Sources */ = {
			isa = PBXSourcesBuildPhase;
			buildActionMask = 2147483647;
			files = (
				E5E69D832812FB4500A3B66A /* EIDInteractionEvent.swift in Sources */,
				E110400D281C389C004BA03E /* FirstTimeUserCheckScreen.swift in Sources */,
				E1AB879E282283AB00C7FC94 /* Fonts.swift in Sources */,
				E593E26E2816853A00154EB0 /* StopServiceHandler.swift in Sources */,
				E593E26A281684E600154EB0 /* OpenECardHandlerDelegate.swift in Sources */,
				E1AAACEB2836668200A51183 /* ShakeEffect.swift in Sources */,
				E593E279281686DC00154EB0 /* IDInteractionManager.swift in Sources */,
				E59097B5281153A100CDA144 /* NFCMessageProvider.swift in Sources */,
				E593E2662816845C00154EB0 /* AuthenticationTerms.swift in Sources */,
				E593E2702816856200154EB0 /* StartServiceHandler.swift in Sources */,
				E1CD8E9128214FDB008ADA2A /* FirstTimeUserPINLetterScreen.swift in Sources */,
				E5E69D852812FB6100A3B66A /* IDCardInteractionError.swift in Sources */,
				E593E2682816847900154EB0 /* EIDAuthenticationRequest.swift in Sources */,
				E15FCE42282BFD4A00CD7AD6 /* LocalizedStrings+Generated.swift in Sources */,
				E1AB87A4282413A700C7FC94 /* PINTextField.swift in Sources */,
				E593E2742816866200154EB0 /* EACInteraction.swift in Sources */,
				E1CD8E93282156F2008ADA2A /* FirstTimeUserTransportPINScreen.swift in Sources */,
				E5E69D892812FB8D00A3B66A /* IDCardAttribute.swift in Sources */,
				E1AB87A02822972A00C7FC94 /* FirstTimeUserChoosePINIntroScreen.swift in Sources */,
				E593E2762816868100154EB0 /* PINManagementInteraction.swift in Sources */,
				E1AB879A282281C400C7FC94 /* HeaderView.swift in Sources */,
				E593E26C2816851C00154EB0 /* OpenECardHandlerBase.swift in Sources */,
				E59097B7281187D200CDA144 /* OpenEcardExtensions.swift in Sources */,
				E1CD8E9528215971008ADA2A /* PINEntryView.swift in Sources */,
				E5CEB280281041330076B9FE /* ContentView.swift in Sources */,
				E593E2722816864800154EB0 /* ControllerCallback.swift in Sources */,
				E1CD8E88281FF62F008ADA2A /* Colors.swift in Sources */,
				E5E69D872812FB7A00A3B66A /* IDTask.swift in Sources */,
				E1AAACE828350FD500A51183 /* Array+Safe.swift in Sources */,
				E1D307B02833A2500088DAFF /* FirstTimeUserChoosePINScreen.swift in Sources */,
				E5CEB27E281041330076B9FE /* BundIDApp.swift in Sources */,
				E1CD8E8F2820395F008ADA2A /* BundButtonStyle.swift in Sources */,
			);
			runOnlyForDeploymentPostprocessing = 0;
		};
/* End PBXSourcesBuildPhase section */

/* Begin PBXVariantGroup section */
		E19D26B1282557B00005B111 /* Localizable.stringsdict */ = {
			isa = PBXVariantGroup;
			children = (
				E19D26B0282557B00005B111 /* de */,
			);
			name = Localizable.stringsdict;
			sourceTree = "<group>";
		};
		E1AB87AA2825238D00C7FC94 /* Localizable.strings */ = {
			isa = PBXVariantGroup;
			children = (
				E1AB87AB2825238D00C7FC94 /* de */,
			);
			name = Localizable.strings;
			sourceTree = "<group>";
		};
/* End PBXVariantGroup section */

/* Begin XCBuildConfiguration section */
		E5CEB286281041340076B9FE /* Debug */ = {
			isa = XCBuildConfiguration;
			buildSettings = {
				ALWAYS_SEARCH_USER_PATHS = NO;
				CLANG_ANALYZER_NONNULL = YES;
				CLANG_ANALYZER_NUMBER_OBJECT_CONVERSION = YES_AGGRESSIVE;
				CLANG_CXX_LANGUAGE_STANDARD = "gnu++17";
				CLANG_ENABLE_MODULES = YES;
				CLANG_ENABLE_OBJC_ARC = YES;
				CLANG_ENABLE_OBJC_WEAK = YES;
				CLANG_WARN_BLOCK_CAPTURE_AUTORELEASING = YES;
				CLANG_WARN_BOOL_CONVERSION = YES;
				CLANG_WARN_COMMA = YES;
				CLANG_WARN_CONSTANT_CONVERSION = YES;
				CLANG_WARN_DEPRECATED_OBJC_IMPLEMENTATIONS = YES;
				CLANG_WARN_DIRECT_OBJC_ISA_USAGE = YES_ERROR;
				CLANG_WARN_DOCUMENTATION_COMMENTS = YES;
				CLANG_WARN_EMPTY_BODY = YES;
				CLANG_WARN_ENUM_CONVERSION = YES;
				CLANG_WARN_INFINITE_RECURSION = YES;
				CLANG_WARN_INT_CONVERSION = YES;
				CLANG_WARN_NON_LITERAL_NULL_CONVERSION = YES;
				CLANG_WARN_OBJC_IMPLICIT_RETAIN_SELF = YES;
				CLANG_WARN_OBJC_LITERAL_CONVERSION = YES;
				CLANG_WARN_OBJC_ROOT_CLASS = YES_ERROR;
				CLANG_WARN_QUOTED_INCLUDE_IN_FRAMEWORK_HEADER = YES;
				CLANG_WARN_RANGE_LOOP_ANALYSIS = YES;
				CLANG_WARN_STRICT_PROTOTYPES = YES;
				CLANG_WARN_SUSPICIOUS_MOVE = YES;
				CLANG_WARN_UNGUARDED_AVAILABILITY = YES_AGGRESSIVE;
				CLANG_WARN_UNREACHABLE_CODE = YES;
				CLANG_WARN__DUPLICATE_METHOD_MATCH = YES;
				COPY_PHASE_STRIP = NO;
				CURRENT_PROJECT_VERSION = 1;
				DEBUG_INFORMATION_FORMAT = dwarf;
				ENABLE_STRICT_OBJC_MSGSEND = YES;
				ENABLE_TESTABILITY = YES;
				GCC_C_LANGUAGE_STANDARD = gnu11;
				GCC_DYNAMIC_NO_PIC = NO;
				GCC_NO_COMMON_BLOCKS = YES;
				GCC_OPTIMIZATION_LEVEL = 0;
				GCC_PREPROCESSOR_DEFINITIONS = (
					"DEBUG=1",
					"$(inherited)",
				);
				GCC_WARN_64_TO_32_BIT_CONVERSION = YES;
				GCC_WARN_ABOUT_RETURN_TYPE = YES_ERROR;
				GCC_WARN_UNDECLARED_SELECTOR = YES;
				GCC_WARN_UNINITIALIZED_AUTOS = YES_AGGRESSIVE;
				GCC_WARN_UNUSED_FUNCTION = YES;
				GCC_WARN_UNUSED_VARIABLE = YES;
				IPHONEOS_DEPLOYMENT_TARGET = 14.0;
				MARKETING_VERSION = 1.0.0;
				MTL_ENABLE_DEBUG_INFO = INCLUDE_SOURCE;
				MTL_FAST_MATH = YES;
				ONLY_ACTIVE_ARCH = YES;
				SDKROOT = iphoneos;
				SWIFT_ACTIVE_COMPILATION_CONDITIONS = DEBUG;
				SWIFT_OPTIMIZATION_LEVEL = "-Onone";
				VALIDATE_WORKSPACE = YES;
			};
			name = Debug;
		};
		E5CEB287281041340076B9FE /* Release */ = {
			isa = XCBuildConfiguration;
			buildSettings = {
				ALWAYS_SEARCH_USER_PATHS = NO;
				CLANG_ANALYZER_NONNULL = YES;
				CLANG_ANALYZER_NUMBER_OBJECT_CONVERSION = YES_AGGRESSIVE;
				CLANG_CXX_LANGUAGE_STANDARD = "gnu++17";
				CLANG_ENABLE_MODULES = YES;
				CLANG_ENABLE_OBJC_ARC = YES;
				CLANG_ENABLE_OBJC_WEAK = YES;
				CLANG_WARN_BLOCK_CAPTURE_AUTORELEASING = YES;
				CLANG_WARN_BOOL_CONVERSION = YES;
				CLANG_WARN_COMMA = YES;
				CLANG_WARN_CONSTANT_CONVERSION = YES;
				CLANG_WARN_DEPRECATED_OBJC_IMPLEMENTATIONS = YES;
				CLANG_WARN_DIRECT_OBJC_ISA_USAGE = YES_ERROR;
				CLANG_WARN_DOCUMENTATION_COMMENTS = YES;
				CLANG_WARN_EMPTY_BODY = YES;
				CLANG_WARN_ENUM_CONVERSION = YES;
				CLANG_WARN_INFINITE_RECURSION = YES;
				CLANG_WARN_INT_CONVERSION = YES;
				CLANG_WARN_NON_LITERAL_NULL_CONVERSION = YES;
				CLANG_WARN_OBJC_IMPLICIT_RETAIN_SELF = YES;
				CLANG_WARN_OBJC_LITERAL_CONVERSION = YES;
				CLANG_WARN_OBJC_ROOT_CLASS = YES_ERROR;
				CLANG_WARN_QUOTED_INCLUDE_IN_FRAMEWORK_HEADER = YES;
				CLANG_WARN_RANGE_LOOP_ANALYSIS = YES;
				CLANG_WARN_STRICT_PROTOTYPES = YES;
				CLANG_WARN_SUSPICIOUS_MOVE = YES;
				CLANG_WARN_UNGUARDED_AVAILABILITY = YES_AGGRESSIVE;
				CLANG_WARN_UNREACHABLE_CODE = YES;
				CLANG_WARN__DUPLICATE_METHOD_MATCH = YES;
				COPY_PHASE_STRIP = NO;
				CURRENT_PROJECT_VERSION = 1;
				DEBUG_INFORMATION_FORMAT = "dwarf-with-dsym";
				ENABLE_NS_ASSERTIONS = NO;
				ENABLE_STRICT_OBJC_MSGSEND = YES;
				GCC_C_LANGUAGE_STANDARD = gnu11;
				GCC_NO_COMMON_BLOCKS = YES;
				GCC_WARN_64_TO_32_BIT_CONVERSION = YES;
				GCC_WARN_ABOUT_RETURN_TYPE = YES_ERROR;
				GCC_WARN_UNDECLARED_SELECTOR = YES;
				GCC_WARN_UNINITIALIZED_AUTOS = YES_AGGRESSIVE;
				GCC_WARN_UNUSED_FUNCTION = YES;
				GCC_WARN_UNUSED_VARIABLE = YES;
				IPHONEOS_DEPLOYMENT_TARGET = 14.0;
				MARKETING_VERSION = 1.0.0;
				MTL_ENABLE_DEBUG_INFO = NO;
				MTL_FAST_MATH = YES;
				SDKROOT = iphoneos;
				SWIFT_COMPILATION_MODE = wholemodule;
				SWIFT_OPTIMIZATION_LEVEL = "-O";
				VALIDATE_PRODUCT = YES;
				VALIDATE_WORKSPACE = YES;
			};
			name = Release;
		};
		E5CEB289281041340076B9FE /* Debug */ = {
			isa = XCBuildConfiguration;
			buildSettings = {
				ASSETCATALOG_COMPILER_APPICON_NAME = AppIcon;
				ASSETCATALOG_COMPILER_GLOBAL_ACCENT_COLOR_NAME = AccentColor;
				CODE_SIGN_ENTITLEMENTS = BundID/BundID.entitlements;
				CODE_SIGN_STYLE = Automatic;
				DEVELOPMENT_ASSET_PATHS = "\"BundID/Preview Content\"";
				DEVELOPMENT_TEAM = 6YK3KTLWQR;
				ENABLE_PREVIEWS = YES;
				FRAMEWORK_SEARCH_PATHS = (
					"$(inherited)",
					"$(PROJECT_DIR)/BundID/OpenECard",
				);
				GENERATE_INFOPLIST_FILE = YES;
				INFOPLIST_FILE = BundID/Info.plist;
				INFOPLIST_KEY_NFCReaderUsageDescription = "NFC Scan Usage Description";
				INFOPLIST_KEY_UIApplicationSceneManifest_Generation = YES;
				INFOPLIST_KEY_UIApplicationSupportsIndirectInputEvents = YES;
				INFOPLIST_KEY_UILaunchScreen_Generation = YES;
				INFOPLIST_KEY_UISupportedInterfaceOrientations = UIInterfaceOrientationPortrait;
				INFOPLIST_KEY_UISupportedInterfaceOrientations_iPad = "UIInterfaceOrientationPortrait UIInterfaceOrientationPortraitUpsideDown UIInterfaceOrientationLandscapeLeft UIInterfaceOrientationLandscapeRight";
				INFOPLIST_KEY_UISupportedInterfaceOrientations_iPhone = "UIInterfaceOrientationPortrait UIInterfaceOrientationLandscapeLeft UIInterfaceOrientationLandscapeRight";
				LD_RUNPATH_SEARCH_PATHS = (
					"$(inherited)",
					"@executable_path/Frameworks",
				);
				PRODUCT_BUNDLE_IDENTIFIER = com.example.BundID;
				PRODUCT_NAME = "$(TARGET_NAME)";
				SWIFT_EMIT_LOC_STRINGS = YES;
				SWIFT_VERSION = 5.0;
				TARGETED_DEVICE_FAMILY = 1;
			};
			name = Debug;
		};
		E5CEB28A281041340076B9FE /* Release */ = {
			isa = XCBuildConfiguration;
			buildSettings = {
				ASSETCATALOG_COMPILER_APPICON_NAME = AppIcon;
				ASSETCATALOG_COMPILER_GLOBAL_ACCENT_COLOR_NAME = AccentColor;
				CODE_SIGN_ENTITLEMENTS = BundID/BundID.entitlements;
				CODE_SIGN_STYLE = Automatic;
				DEVELOPMENT_ASSET_PATHS = "\"BundID/Preview Content\"";
				DEVELOPMENT_TEAM = 6YK3KTLWQR;
				ENABLE_PREVIEWS = YES;
				FRAMEWORK_SEARCH_PATHS = (
					"$(inherited)",
					"$(PROJECT_DIR)/BundID/OpenECard",
				);
				GENERATE_INFOPLIST_FILE = YES;
				INFOPLIST_FILE = BundID/Info.plist;
				INFOPLIST_KEY_NFCReaderUsageDescription = "NFC Scan Usage Description";
				INFOPLIST_KEY_UIApplicationSceneManifest_Generation = YES;
				INFOPLIST_KEY_UIApplicationSupportsIndirectInputEvents = YES;
				INFOPLIST_KEY_UILaunchScreen_Generation = YES;
				INFOPLIST_KEY_UISupportedInterfaceOrientations = UIInterfaceOrientationPortrait;
				INFOPLIST_KEY_UISupportedInterfaceOrientations_iPad = "UIInterfaceOrientationPortrait UIInterfaceOrientationPortraitUpsideDown UIInterfaceOrientationLandscapeLeft UIInterfaceOrientationLandscapeRight";
				INFOPLIST_KEY_UISupportedInterfaceOrientations_iPhone = "UIInterfaceOrientationPortrait UIInterfaceOrientationLandscapeLeft UIInterfaceOrientationLandscapeRight";
				LD_RUNPATH_SEARCH_PATHS = (
					"$(inherited)",
					"@executable_path/Frameworks",
				);
				PRODUCT_BUNDLE_IDENTIFIER = com.example.BundID;
				PRODUCT_NAME = "$(TARGET_NAME)";
				SWIFT_EMIT_LOC_STRINGS = YES;
				SWIFT_VERSION = 5.0;
				TARGETED_DEVICE_FAMILY = 1;
			};
			name = Release;
		};
/* End XCBuildConfiguration section */

/* Begin XCConfigurationList section */
		E5CEB275281041330076B9FE /* Build configuration list for PBXProject "BundID" */ = {
			isa = XCConfigurationList;
			buildConfigurations = (
				E5CEB286281041340076B9FE /* Debug */,
				E5CEB287281041340076B9FE /* Release */,
			);
			defaultConfigurationIsVisible = 0;
			defaultConfigurationName = Release;
		};
		E5CEB288281041340076B9FE /* Build configuration list for PBXNativeTarget "BundID" */ = {
			isa = XCConfigurationList;
			buildConfigurations = (
				E5CEB289281041340076B9FE /* Debug */,
				E5CEB28A281041340076B9FE /* Release */,
			);
			defaultConfigurationIsVisible = 0;
			defaultConfigurationName = Release;
		};
/* End XCConfigurationList section */
	};
	rootObject = E5CEB272281041330076B9FE /* Project object */;
}
