{
  "pins" : [
    {
      "identity" : "combine-schedulers",
      "kind" : "remoteSourceControl",
      "location" : "https://github.com/pointfreeco/combine-schedulers",
      "state" : {
        "revision" : "4cf088c29a20f52be0f2ca54992b492c54e0076b",
        "version" : "0.5.3"
      }
    },
    {
      "identity" : "cuckoo",
      "kind" : "remoteSourceControl",
      "location" : "https://github.com/Brightify/Cuckoo",
      "state" : {
        "revision" : "69c1c9aee64ec08a14461deb20878bd7ebeb9459",
        "version" : "1.7.1"
      }
    },
    {
      "identity" : "flowstacks",
      "kind" : "remoteSourceControl",
      "location" : "https://github.com/johnpatrickmorgan/FlowStacks",
      "state" : {
        "revision" : "6ef15945183e983d0de8c69a2750ed44d1f3645e",
        "version" : "0.2.3"
      }
    },
    {
      "identity" : "lottie-ios",
      "kind" : "remoteSourceControl",
      "location" : "https://github.com/airbnb/lottie-ios",
      "state" : {
        "revision" : "4ca8023b820b7d5d5ae1e2637c046e3dab0f45d0",
        "version" : "3.4.2"
      }
    },
    {
      "identity" : "open-ecard-ios",
      "kind" : "remoteSourceControl",
      "location" : "https://github.com/TICESoftware/open-ecard-ios",
      "state" : {
        "revision" : "e9065acbc4bfacbfe6c4d5b90746692293eb852e",
        "version" : "2.1.2"
      }
    },
    {
      "identity" : "sentry-cocoa",
      "kind" : "remoteSourceControl",
      "location" : "https://github.com/getsentry/sentry-cocoa.git",
      "state" : {
        "revision" : "5bc31fd9bb476539387de7c6ff32acfaf2407157",
        "version" : "7.23.0"
      }
    },
    {
      "identity" : "swift-case-paths",
      "kind" : "remoteSourceControl",
      "location" : "https://github.com/pointfreeco/swift-case-paths",
      "state" : {
        "revision" : "ce9c0d897db8a840c39de64caaa9b60119cf4be8",
        "version" : "0.8.1"
      }
    },
    {
      "identity" : "swift-collections",
      "kind" : "remoteSourceControl",
      "location" : "https://github.com/apple/swift-collections",
      "state" : {
        "revision" : "48254824bb4248676bf7ce56014ff57b142b77eb",
        "version" : "1.0.2"
      }
    },
    {
      "identity" : "swift-composable-architecture",
      "kind" : "remoteSourceControl",
      "location" : "https://github.com/pointfreeco/swift-composable-architecture",
      "state" : {
        "revision" : "c307541328a636b9e8e25ac868d89be54a8f8dbf",
        "version" : "0.35.0"
      }
    },
    {
      "identity" : "swift-custom-dump",
      "kind" : "remoteSourceControl",
      "location" : "https://github.com/pointfreeco/swift-custom-dump",
      "state" : {
        "revision" : "c4f78db9b90ca57b7b6abc2223e235242739ea3c",
        "version" : "0.4.0"
      }
    },
    {
      "identity" : "swift-identified-collections",
      "kind" : "remoteSourceControl",
      "location" : "https://github.com/pointfreeco/swift-identified-collections",
      "state" : {
        "revision" : "2d6b7ffcc67afd9077fac5e5a29bcd6d39b71076",
        "version" : "0.4.0"
      }
    },
    {
      "identity" : "tcacoordinators",
      "kind" : "remoteSourceControl",
      "location" : "https://github.com/johnpatrickmorgan/TCACoordinators.git",
      "state" : {
        "revision" : "ddb0a51736f35257624c756e436561eb8776165e",
        "version" : "0.1.2"
      }
    },
    {
      "identity" : "xctest-dynamic-overlay",
      "kind" : "remoteSourceControl",
      "location" : "https://github.com/pointfreeco/xctest-dynamic-overlay",
      "state" : {
        "revision" : "50a70a9d3583fe228ce672e8923010c8df2deddd",
        "version" : "0.2.1"
      }
    }
  ],
  "version" : 2
}
