{
  "pins" : [
    {
      "identity" : "attributedtext",
      "kind" : "remoteSourceControl",
      "location" : "https://github.com/gonzalezreal/AttributedText",
      "state" : {
        "revision" : "0e811cb14de367bbd58a94d12259687e5ee08bea",
        "version" : "1.0.1"
      }
    },
    {
      "identity" : "combine-schedulers",
      "kind" : "remoteSourceControl",
      "location" : "https://github.com/pointfreeco/combine-schedulers",
      "state" : {
        "revision" : "882ac01eb7ef9e36d4467eb4b1151e74fcef85ab",
        "version" : "0.9.1"
      }
    },
    {
      "identity" : "cuckoo",
      "kind" : "remoteSourceControl",
      "location" : "https://github.com/Brightify/Cuckoo",
      "state" : {
        "revision" : "64b1681e37444d998e9cff2df6537a75695ab638",
        "version" : "1.9.1"
      }
    },
    {
      "identity" : "faviconfinder",
      "kind" : "remoteSourceControl",
      "location" : "https://github.com/will-lumley/FaviconFinder.git",
      "state" : {
        "revision" : "b8cde6c03b0cf72829b327c2c537bd39c1a8f60b",
        "version" : "4.1.0"
      }
    },
    {
      "identity" : "flowstacks",
      "kind" : "remoteSourceControl",
      "location" : "https://github.com/johnpatrickmorgan/FlowStacks",
      "state" : {
        "revision" : "8d1bc577fcab0c09d599f1f2f6747db2d15f84f4",
        "version" : "0.3.0"
      }
    },
    {
      "identity" : "licenseplistviewcontroller",
      "kind" : "remoteSourceControl",
      "location" : "https://github.com/yhirano/LicensePlistViewController.git",
      "state" : {
        "revision" : "1fb4a71c2e37a4ea1a9a135c6d2aff65130c8a55",
        "version" : "2.2.0"
      }
    },
    {
      "identity" : "markdownui",
      "kind" : "remoteSourceControl",
      "location" : "https://github.com/gonzalezreal/MarkdownUI",
      "state" : {
        "revision" : "6a33c60ad430772d69ac5278e35474d6b3e5d30a",
        "version" : "1.1.1"
      }
    },
    {
      "identity" : "matomo-sdk-ios",
      "kind" : "remoteSourceControl",
      "location" : "https://github.com/digitalservicebund/matomo-sdk-ios",
      "state" : {
        "branch" : "develop",
        "revision" : "1d853c3b7acfdb6552f63666390e37374f87c5cd"
      }
    },
    {
      "identity" : "networkimage",
      "kind" : "remoteSourceControl",
      "location" : "https://github.com/gonzalezreal/NetworkImage",
      "state" : {
        "revision" : "c97f83e771c95186af80ef6118f158852a9e54be",
        "version" : "4.0.1"
      }
    },
    {
      "identity" : "open-ecard-ios",
      "kind" : "remoteSourceControl",
      "location" : "https://github.com/TICESoftware/open-ecard-ios",
      "state" : {
        "revision" : "e9065acbc4bfacbfe6c4d5b90746692293eb852e",
        "version" : "2.1.2"
      }
    },
    {
      "identity" : "sentry-cocoa",
      "kind" : "remoteSourceControl",
      "location" : "https://github.com/getsentry/sentry-cocoa.git",
      "state" : {
        "revision" : "c3c19e29f775ee95b77aa3168f3e2fd6c20deba6",
        "version" : "7.31.3"
      }
    },
    {
      "identity" : "swift-case-paths",
      "kind" : "remoteSourceControl",
      "location" : "https://github.com/pointfreeco/swift-case-paths",
      "state" : {
        "revision" : "bb436421f57269fbcfe7360735985321585a86e5",
        "version" : "0.10.1"
      }
    },
    {
      "identity" : "swift-clocks",
      "kind" : "remoteSourceControl",
      "location" : "https://github.com/pointfreeco/swift-clocks",
      "state" : {
        "revision" : "20b25ca0dd88ebfb9111ec937814ddc5a8880172",
        "version" : "0.2.0"
      }
    },
    {
      "identity" : "swift-collections",
      "kind" : "remoteSourceControl",
      "location" : "https://github.com/apple/swift-collections",
      "state" : {
        "revision" : "937e904258d22af6e447a0b72c0bc67583ef64a2",
        "version" : "1.0.4"
      }
    },
    {
      "identity" : "swift-composable-architecture",
      "kind" : "remoteSourceControl",
      "location" : "https://github.com/pointfreeco/swift-composable-architecture",
      "state" : {
        "revision" : "30015d13a3ca0988b4674a83eccebbea747fe1f8",
        "version" : "0.48.0"
      }
    },
    {
      "identity" : "swift-custom-dump",
      "kind" : "remoteSourceControl",
      "location" : "https://github.com/pointfreeco/swift-custom-dump",
      "state" : {
        "revision" : "ead7d30cc224c3642c150b546f4f1080d1c411a8",
        "version" : "0.6.1"
      }
    },
    {
      "identity" : "swift-identified-collections",
      "kind" : "remoteSourceControl",
      "location" : "https://github.com/pointfreeco/swift-identified-collections",
      "state" : {
        "revision" : "a08887de589e3829d488e0b4b707b2ca804b1060",
        "version" : "0.5.0"
      }
    },
    {
      "identity" : "swiftcommonmark",
      "kind" : "remoteSourceControl",
      "location" : "https://github.com/gonzalezreal/SwiftCommonMark",
      "state" : {
        "revision" : "ed252beaddecce28ea6363f800c773d6169011b8",
        "version" : "1.0.0"
      }
    },
    {
      "identity" : "swiftsoup",
      "kind" : "remoteSourceControl",
      "location" : "https://github.com/scinfu/SwiftSoup.git",
      "state" : {
        "revision" : "6778575285177365cbad3e5b8a72f2a20583cfec",
        "version" : "2.4.3"
      }
    },
    {
      "identity" : "swiftui-navigation",
      "kind" : "remoteSourceControl",
      "location" : "https://github.com/pointfreeco/swiftui-navigation",
      "state" : {
        "revision" : "46acf5ecc1cabdb28d7fe03289f6c8b13a023f52",
        "version" : "0.4.5"
      }
    },
    {
      "identity" : "tcacoordinators",
      "kind" : "remoteSourceControl",
      "location" : "https://github.com/johnpatrickmorgan/TCACoordinators.git",
      "state" : {
        "revision" : "b94764ca74de5acca169c1c1c458ddab5e43de45",
        "version" : "0.3.0"
      }
    },
    {
      "identity" : "xctest-dynamic-overlay",
      "kind" : "remoteSourceControl",
      "location" : "https://github.com/pointfreeco/xctest-dynamic-overlay",
      "state" : {
        "revision" : "5a5457a744239896e9b0b03a8e1a5069c3e7b91f",
        "version" : "0.6.0"
      }
    }
  ],
  "version" : 2
}
