{
  "pins" : [
    {
      "identity" : "attributedtext",
      "kind" : "remoteSourceControl",
      "location" : "https://github.com/gonzalezreal/AttributedText",
      "state" : {
        "revision" : "0e811cb14de367bbd58a94d12259687e5ee08bea",
        "version" : "1.0.1"
      }
    },
    {
      "identity" : "combine-schedulers",
      "kind" : "remoteSourceControl",
      "location" : "https://github.com/pointfreeco/combine-schedulers",
      "state" : {
        "revision" : "aa3e575929f2bcc5bad012bd2575eae716cbcdf7",
        "version" : "0.8.0"
      }
    },
    {
      "identity" : "cuckoo",
      "kind" : "remoteSourceControl",
      "location" : "https://github.com/Brightify/Cuckoo",
      "state" : {
        "revision" : "64b1681e37444d998e9cff2df6537a75695ab638",
        "version" : "1.9.1"
      }
    },
    {
      "identity" : "flowstacks",
      "kind" : "remoteSourceControl",
      "location" : "https://github.com/johnpatrickmorgan/FlowStacks",
      "state" : {
        "revision" : "8d1bc577fcab0c09d599f1f2f6747db2d15f84f4",
        "version" : "0.3.0"
      }
    },
    {
      "identity" : "licenseplistviewcontroller",
      "kind" : "remoteSourceControl",
      "location" : "https://github.com/yhirano/LicensePlistViewController.git",
      "state" : {
        "revision" : "1fb4a71c2e37a4ea1a9a135c6d2aff65130c8a55",
        "version" : "2.2.0"
      }
    },
    {
      "identity" : "markdownui",
      "kind" : "remoteSourceControl",
      "location" : "https://github.com/gonzalezreal/MarkdownUI",
      "state" : {
        "revision" : "6a33c60ad430772d69ac5278e35474d6b3e5d30a",
        "version" : "1.1.1"
      }
    },
    {
      "identity" : "matomo-sdk-ios",
      "kind" : "remoteSourceControl",
      "location" : "https://github.com/digitalservicebund/matomo-sdk-ios",
      "state" : {
        "branch" : "develop",
        "revision" : "1d853c3b7acfdb6552f63666390e37374f87c5cd"
      }
    },
    {
      "identity" : "networkimage",
      "kind" : "remoteSourceControl",
      "location" : "https://github.com/gonzalezreal/NetworkImage",
      "state" : {
        "revision" : "c97f83e771c95186af80ef6118f158852a9e54be",
        "version" : "4.0.1"
      }
    },
    {
      "identity" : "open-ecard-ios",
      "kind" : "remoteSourceControl",
      "location" : "https://github.com/TICESoftware/open-ecard-ios",
      "state" : {
        "revision" : "e9065acbc4bfacbfe6c4d5b90746692293eb852e",
        "version" : "2.1.2"
      }
    },
    {
      "identity" : "sentry-cocoa",
      "kind" : "remoteSourceControl",
      "location" : "https://github.com/getsentry/sentry-cocoa.git",
      "state" : {
        "revision" : "30fae09fdd5b41e81b8f20fd29a197340c8c71ab",
        "version" : "7.26.0"
      }
    },
    {
      "identity" : "swift-case-paths",
      "kind" : "remoteSourceControl",
      "location" : "https://github.com/pointfreeco/swift-case-paths",
      "state" : {
        "revision" : "bb436421f57269fbcfe7360735985321585a86e5",
        "version" : "0.10.1"
      }
    },
    {
      "identity" : "swift-clocks",
      "kind" : "remoteSourceControl",
      "location" : "https://github.com/pointfreeco/swift-clocks",
      "state" : {
        "revision" : "20b25ca0dd88ebfb9111ec937814ddc5a8880172",
        "version" : "0.2.0"
      }
    },
    {
      "identity" : "swift-collections",
      "kind" : "remoteSourceControl",
      "location" : "https://github.com/apple/swift-collections",
      "state" : {
        "revision" : "f504716c27d2e5d4144fa4794b12129301d17729",
        "version" : "1.0.3"
      }
    },
    {
      "identity" : "swift-composable-architecture",
      "kind" : "remoteSourceControl",
      "location" : "https://github.com/pointfreeco/swift-composable-architecture",
      "state" : {
        "revision" : "c9259b5f74892690cb04a9a8088b4a1789b05a7d",
        "version" : "0.47.2"
      }
    },
    {
      "identity" : "swift-custom-dump",
      "kind" : "remoteSourceControl",
      "location" : "https://github.com/pointfreeco/swift-custom-dump",
      "state" : {
        "revision" : "ead7d30cc224c3642c150b546f4f1080d1c411a8",
        "version" : "0.6.1"
      }
    },
    {
      "identity" : "swift-identified-collections",
      "kind" : "remoteSourceControl",
      "location" : "https://github.com/pointfreeco/swift-identified-collections",
      "state" : {
        "revision" : "bfb0d43e75a15b6dfac770bf33479e8393884a36",
        "version" : "0.4.1"
      }
    },
    {
      "identity" : "swiftcommonmark",
      "kind" : "remoteSourceControl",
      "location" : "https://github.com/gonzalezreal/SwiftCommonMark",
      "state" : {
        "revision" : "ed252beaddecce28ea6363f800c773d6169011b8",
        "version" : "1.0.0"
      }
    },
    {
      "identity" : "swiftui-navigation",
      "kind" : "remoteSourceControl",
      "location" : "https://github.com/pointfreeco/swiftui-navigation",
      "state" : {
        "revision" : "4b666bcc59ba1711a7543ecb37e1d181963b180c",
        "version" : "0.4.2"
      }
    },
    {
      "identity" : "tcacoordinators",
      "kind" : "remoteSourceControl",
      "location" : "https://github.com/johnpatrickmorgan/TCACoordinators.git",
      "state" : {
        "revision" : "b94764ca74de5acca169c1c1c458ddab5e43de45",
        "version" : "0.3.0"
      }
    },
    {
      "identity" : "xctest-dynamic-overlay",
      "kind" : "remoteSourceControl",
      "location" : "https://github.com/pointfreeco/xctest-dynamic-overlay",
      "state" : {
        "revision" : "5a5457a744239896e9b0b03a8e1a5069c3e7b91f",
        "version" : "0.6.0"
      }
    }
  ],
  "version" : 2
}
