{
  "pins" : [
    {
      "identity" : "ausweisapp2-sdk-ios",
      "kind" : "remoteSourceControl",
      "location" : "https://github.com/Governikus/AusweisApp2-SDK-iOS",
      "state" : {
        "revision" : "b675a8f89a4390da8872a75fb56c394e296ea102",
        "version" : "1.26.4"
      }
    },
    {
      "identity" : "ausweisapp2wrapper-ios-spm",
      "kind" : "remoteSourceControl",
      "location" : "https://github.com/digitalservicebund/AusweisApp2Wrapper-iOS-SPM",
      "state" : {
        "branch" : "main",
        "revision" : "eb646240714780f5741e8f631af25a728a0f8d99"
      }
    },
    {
      "identity" : "combine-schedulers",
      "kind" : "remoteSourceControl",
      "location" : "https://github.com/pointfreeco/combine-schedulers",
      "state" : {
        "revision" : "0625932976b3ae23949f6b816d13bd97f3b40b7c",
        "version" : "0.10.0"
      }
    },
    {
      "identity" : "cuckoo",
      "kind" : "remoteSourceControl",
      "location" : "https://github.com/Brightify/Cuckoo",
      "state" : {
        "revision" : "475322e609d009c284464c886ca08cfe421137a9",
        "version" : "1.10.3"
      }
    },
    {
      "identity" : "flowstacks",
      "kind" : "remoteSourceControl",
      "location" : "https://github.com/johnpatrickmorgan/FlowStacks",
      "state" : {
        "revision" : "49a750bfca23d3594e15c26ec765a8c26325dfac",
        "version" : "0.3.1"
      }
    },
    {
      "identity" : "licenseplistviewcontroller",
      "kind" : "remoteSourceControl",
      "location" : "https://github.com/yhirano/LicensePlistViewController.git",
      "state" : {
        "revision" : "1fb4a71c2e37a4ea1a9a135c6d2aff65130c8a55",
        "version" : "2.2.0"
      }
    },
    {
      "identity" : "markdownui",
      "kind" : "remoteSourceControl",
      "location" : "https://github.com/gonzalezreal/MarkdownUI",
      "state" : {
        "revision" : "12b351a75201a8124c2f2e1f9fc6ef5cd812c0b9",
        "version" : "2.1.0"
      }
    },
    {
      "identity" : "matomo-sdk-ios",
      "kind" : "remoteSourceControl",
      "location" : "https://github.com/digitalservicebund/matomo-sdk-ios",
      "state" : {
        "branch" : "develop",
        "revision" : "1d853c3b7acfdb6552f63666390e37374f87c5cd"
      }
    },
    {
      "identity" : "swift-case-paths",
      "kind" : "remoteSourceControl",
      "location" : "https://github.com/pointfreeco/swift-case-paths",
      "state" : {
        "revision" : "fc45e7b2cfece9dd80b5a45e6469ffe67fe67984",
        "version" : "0.14.1"
      }
    },
    {
      "identity" : "swift-clocks",
      "kind" : "remoteSourceControl",
      "location" : "https://github.com/pointfreeco/swift-clocks",
      "state" : {
        "revision" : "f9acfa1a45f4483fe0f2c434a74e6f68f865d12d",
        "version" : "0.3.0"
      }
    },
    {
      "identity" : "swift-collections",
      "kind" : "remoteSourceControl",
      "location" : "https://github.com/apple/swift-collections",
      "state" : {
        "revision" : "937e904258d22af6e447a0b72c0bc67583ef64a2",
        "version" : "1.0.4"
      }
    },
    {
      "identity" : "swift-composable-architecture",
      "kind" : "remoteSourceControl",
      "location" : "https://github.com/pointfreeco/swift-composable-architecture",
      "state" : {
        "revision" : "79307e939fd5a99304f44bae4cf42cdc430f9480",
        "version" : "0.53.0"
      }
    },
    {
      "identity" : "swift-custom-dump",
      "kind" : "remoteSourceControl",
      "location" : "https://github.com/pointfreeco/swift-custom-dump",
      "state" : {
        "revision" : "505aa98716275fbd045d8f934fee3337c82ffbd3",
        "version" : "0.10.3"
      }
    },
    {
      "identity" : "swift-dependencies",
      "kind" : "remoteSourceControl",
      "location" : "https://github.com/pointfreeco/swift-dependencies",
      "state" : {
        "revision" : "25c9b6789b4b7ada649a3808e6d8de1489082a33",
        "version" : "0.5.0"
      }
    },
    {
      "identity" : "swift-identified-collections",
      "kind" : "remoteSourceControl",
      "location" : "https://github.com/pointfreeco/swift-identified-collections",
      "state" : {
        "revision" : "f52eee28bdc6065aa2f8424067e6f04c74bda6e6",
        "version" : "0.7.1"
      }
    },
    {
      "identity" : "swifteventbus",
      "kind" : "remoteSourceControl",
      "location" : "https://github.com/cesarferreira/SwiftEventBus.git",
      "state" : {
        "revision" : "a30ff35e616f507d8a8d122dac32a2150371a87e",
        "version" : "5.1.0"
      }
    },
    {
      "identity" : "swiftui-navigation",
      "kind" : "remoteSourceControl",
      "location" : "https://github.com/pointfreeco/swiftui-navigation",
      "state" : {
        "revision" : "47dd574b900ba5ba679f56ea00d4d282fc7305a6",
        "version" : "0.7.1"
      }
    },
    {
      "identity" : "tcacoordinators",
      "kind" : "remoteSourceControl",
      "location" : "https://github.com/johnpatrickmorgan/TCACoordinators",
      "state" : {
        "revision" : "006bd9277fae20444143d8961a1aa55f7a1f82d1",
        "version" : "0.4.3"
      }
    },
    {
      "identity" : "unleash-proxy-client-swift",
      "kind" : "remoteSourceControl",
      "location" : "https://github.com/Unleash/unleash-proxy-client-swift",
      "state" : {
        "revision" : "8f863a62c040719a7613680691cf808dff589e9c",
        "version" : "0.0.6"
      }
    },
    {
      "identity" : "xctest-dynamic-overlay",
      "kind" : "remoteSourceControl",
      "location" : "https://github.com/pointfreeco/xctest-dynamic-overlay",
      "state" : {
        "revision" : "4af50b38daf0037cfbab15514a241224c3f62f98",
        "version" : "0.8.5"
      }
    }
  ],
  "version" : 2
}
